// !$*UTF8*$!
{
	archiveVersion = 1;
	classes = {
	};
	objectVersion = 50;
	objects = {

/* Begin PBXBuildFile section */
		311E58A12208702C00F48140 /* UIPageControl+Style.swift in Sources */ = {isa = PBXBuildFile; fileRef = 311E58A02208702C00F48140 /* UIPageControl+Style.swift */; };
		311E58A42208E9F800F48140 /* ProductViewController.swift in Sources */ = {isa = PBXBuildFile; fileRef = 311E58A32208E9F800F48140 /* ProductViewController.swift */; };
		311E58A62208EA0300F48140 /* ProductViewControllerCreating.swift in Sources */ = {isa = PBXBuildFile; fileRef = 311E58A52208EA0300F48140 /* ProductViewControllerCreating.swift */; };
		311E58A82208EA0E00F48140 /* ProductViewControllerFactory.swift in Sources */ = {isa = PBXBuildFile; fileRef = 311E58A72208EA0E00F48140 /* ProductViewControllerFactory.swift */; };
		311E58AA2208EA7500F48140 /* ProductView.swift in Sources */ = {isa = PBXBuildFile; fileRef = 311E58A92208EA7500F48140 /* ProductView.swift */; };
		311E58AD2208EB1500F48140 /* ProductViewSpec.swift in Sources */ = {isa = PBXBuildFile; fileRef = 311E58AC2208EB1500F48140 /* ProductViewSpec.swift */; };
		311E58AF2208EB4300F48140 /* ProductViewControllerSpec.swift in Sources */ = {isa = PBXBuildFile; fileRef = 311E58AE2208EB4300F48140 /* ProductViewControllerSpec.swift */; };
		311E58B12208EFE300F48140 /* ProductPresenting.swift in Sources */ = {isa = PBXBuildFile; fileRef = 311E58B02208EFE300F48140 /* ProductPresenting.swift */; };
		311E58B32208F02500F48140 /* ProductPresenter.swift in Sources */ = {isa = PBXBuildFile; fileRef = 311E58B22208F02500F48140 /* ProductPresenter.swift */; };
		311E58B52208F0A500F48140 /* ProductDismissing.swift in Sources */ = {isa = PBXBuildFile; fileRef = 311E58B42208F0A500F48140 /* ProductDismissing.swift */; };
		311E58B72208F0B000F48140 /* ProductDismisser.swift in Sources */ = {isa = PBXBuildFile; fileRef = 311E58B62208F0B000F48140 /* ProductDismisser.swift */; };
		311E58B92208F13400F48140 /* ProductCardViewControllerCreating.swift in Sources */ = {isa = PBXBuildFile; fileRef = 311E58B82208F13400F48140 /* ProductCardViewControllerCreating.swift */; };
		311E58BB2208F14200F48140 /* ProductCardViewControllerFactory.swift in Sources */ = {isa = PBXBuildFile; fileRef = 311E58BA2208F14200F48140 /* ProductCardViewControllerFactory.swift */; };
		311E58BD2208F82100F48140 /* ProductPresenterSpec.swift in Sources */ = {isa = PBXBuildFile; fileRef = 311E58BC2208F82100F48140 /* ProductPresenterSpec.swift */; };
		311E58BF2208F82C00F48140 /* ProductDismisserSpec.swift in Sources */ = {isa = PBXBuildFile; fileRef = 311E58BE2208F82C00F48140 /* ProductDismisserSpec.swift */; };
		311E58C12208FA3B00F48140 /* ProductViewControllerCreatingDouble.swift in Sources */ = {isa = PBXBuildFile; fileRef = 311E58C02208FA3B00F48140 /* ProductViewControllerCreatingDouble.swift */; };
		311E58C32208FC8D00F48140 /* ProductPresentingDouble.swift in Sources */ = {isa = PBXBuildFile; fileRef = 311E58C22208FC8D00F48140 /* ProductPresentingDouble.swift */; };
		311E58C52208FDA700F48140 /* ProductDismissingDouble.swift in Sources */ = {isa = PBXBuildFile; fileRef = 311E58C42208FDA700F48140 /* ProductDismissingDouble.swift */; };
		311E58C7220902EB00F48140 /* UIButton+Style.swift in Sources */ = {isa = PBXBuildFile; fileRef = 311E58C6220902EB00F48140 /* UIButton+Style.swift */; };
		311E58CA220903EA00F48140 /* ImageContainer.swift in Sources */ = {isa = PBXBuildFile; fileRef = 311E58C9220903EA00F48140 /* ImageContainer.swift */; };
		311E58CC2209FF9D00F48140 /* UIToolbar+Style.swift in Sources */ = {isa = PBXBuildFile; fileRef = 311E58CB2209FF9D00F48140 /* UIToolbar+Style.swift */; };
		311E58CE2209FFEC00F48140 /* UIBarButtonItem+Style.swift in Sources */ = {isa = PBXBuildFile; fileRef = 311E58CD2209FFEC00F48140 /* UIBarButtonItem+Style.swift */; };
		311E58D1220A310D00F48140 /* ProductSpecsViewController.swift in Sources */ = {isa = PBXBuildFile; fileRef = 311E58D0220A310D00F48140 /* ProductSpecsViewController.swift */; };
		311E58DA220A345F00F48140 /* ProductSpecsViewControllerSpec.swift in Sources */ = {isa = PBXBuildFile; fileRef = 311E58D9220A345F00F48140 /* ProductSpecsViewControllerSpec.swift */; };
		3129430D2203AC0200AEE95E /* EcommerceDemo.h in Headers */ = {isa = PBXBuildFile; fileRef = 312942FD2203AC0100AEE95E /* EcommerceDemo.h */; settings = {ATTRIBUTES = (Public, ); }; };
		312943112203AC0200AEE95E /* EcommerceDemo.framework in Embed Frameworks */ = {isa = PBXBuildFile; fileRef = 312942FB2203AC0100AEE95E /* EcommerceDemo.framework */; settings = {ATTRIBUTES = (CodeSignOnCopy, RemoveHeadersOnCopy, ); }; };
		3129431C2203AF4C00AEE95E /* Nimble.framework in Embed Frameworks */ = {isa = PBXBuildFile; fileRef = 312942EC2203A85100AEE95E /* Nimble.framework */; settings = {ATTRIBUTES = (CodeSignOnCopy, RemoveHeadersOnCopy, ); }; };
		3129431D2203AF4C00AEE95E /* Quick.framework in Embed Frameworks */ = {isa = PBXBuildFile; fileRef = 312942ED2203A85100AEE95E /* Quick.framework */; settings = {ATTRIBUTES = (CodeSignOnCopy, RemoveHeadersOnCopy, ); }; };
		312943242203B09300AEE95E /* AppDelegate.swift in Sources */ = {isa = PBXBuildFile; fileRef = 312943232203B09300AEE95E /* AppDelegate.swift */; };
		3129432A2203B0C500AEE95E /* DealsView.swift in Sources */ = {isa = PBXBuildFile; fileRef = 312943262203B0C500AEE95E /* DealsView.swift */; };
		3129432B2203B0C500AEE95E /* ProductCardView.swift in Sources */ = {isa = PBXBuildFile; fileRef = 312943272203B0C500AEE95E /* ProductCardView.swift */; };
		3129432D2203B0C500AEE95E /* DealsViewController.swift in Sources */ = {isa = PBXBuildFile; fileRef = 312943292203B0C500AEE95E /* DealsViewController.swift */; };
		312943382203B0E600AEE95E /* SketchShadow.swift in Sources */ = {isa = PBXBuildFile; fileRef = 3129432F2203B0E500AEE95E /* SketchShadow.swift */; };
		312943392203B0E600AEE95E /* RoundButton.swift in Sources */ = {isa = PBXBuildFile; fileRef = 312943302203B0E500AEE95E /* RoundButton.swift */; };
		3129433A2203B0E600AEE95E /* UIEdgeInsets+Helpers.swift in Sources */ = {isa = PBXBuildFile; fileRef = 312943312203B0E500AEE95E /* UIEdgeInsets+Helpers.swift */; };
		3129433B2203B0E600AEE95E /* UILabel+Style.swift in Sources */ = {isa = PBXBuildFile; fileRef = 312943322203B0E500AEE95E /* UILabel+Style.swift */; };
		3129433D2203B0E600AEE95E /* UIScrollView+Viewport.swift in Sources */ = {isa = PBXBuildFile; fileRef = 312943342203B0E500AEE95E /* UIScrollView+Viewport.swift */; };
		3129433E2203B0E600AEE95E /* FuncUtils.swift in Sources */ = {isa = PBXBuildFile; fileRef = 312943352203B0E500AEE95E /* FuncUtils.swift */; };
		3129433F2203B0E600AEE95E /* ScrollPageController.swift in Sources */ = {isa = PBXBuildFile; fileRef = 312943362203B0E600AEE95E /* ScrollPageController.swift */; };
		312943402203B0E600AEE95E /* GradientView.swift in Sources */ = {isa = PBXBuildFile; fileRef = 312943372203B0E600AEE95E /* GradientView.swift */; };
		3129434B2203B13E00AEE95E /* product_surface.png in Resources */ = {isa = PBXBuildFile; fileRef = 312943422203B13E00AEE95E /* product_surface.png */; };
		3129434C2203B13E00AEE95E /* UIFont+Assets.swift in Sources */ = {isa = PBXBuildFile; fileRef = 312943432203B13E00AEE95E /* UIFont+Assets.swift */; };
		3129434D2203B13E00AEE95E /* GradientStyle+Assets.swift in Sources */ = {isa = PBXBuildFile; fileRef = 312943442203B13E00AEE95E /* GradientStyle+Assets.swift */; };
		3129434E2203B13E00AEE95E /* product_oculus.png in Resources */ = {isa = PBXBuildFile; fileRef = 312943452203B13E00AEE95E /* product_oculus.png */; };
		3129434F2203B13E00AEE95E /* SketchShadow+Assets.swift in Sources */ = {isa = PBXBuildFile; fileRef = 312943462203B13E00AEE95E /* SketchShadow+Assets.swift */; };
		312943502203B13E00AEE95E /* UIImage+Assets.swift in Sources */ = {isa = PBXBuildFile; fileRef = 312943472203B13E00AEE95E /* UIImage+Assets.swift */; };
		312943512203B13E00AEE95E /* VarelaRound-Regular.ttf in Resources */ = {isa = PBXBuildFile; fileRef = 312943482203B13E00AEE95E /* VarelaRound-Regular.ttf */; };
		312943522203B13E00AEE95E /* UIColor+Assets.swift in Sources */ = {isa = PBXBuildFile; fileRef = 312943492203B13E00AEE95E /* UIColor+Assets.swift */; };
		312943532203B13E00AEE95E /* product_xbox.png in Resources */ = {isa = PBXBuildFile; fileRef = 3129434A2203B13E00AEE95E /* product_xbox.png */; };
		3129435B2203B2D100AEE95E /* AppDelegateDouble.swift in Sources */ = {isa = PBXBuildFile; fileRef = 3129435A2203B2D100AEE95E /* AppDelegateDouble.swift */; };
		312943612203BD7400AEE95E /* Bundle.swift in Sources */ = {isa = PBXBuildFile; fileRef = 312943602203BD7400AEE95E /* Bundle.swift */; };
		312943642203BFA000AEE95E /* RegisterFonts.swift in Sources */ = {isa = PBXBuildFile; fileRef = 312943632203BFA000AEE95E /* RegisterFonts.swift */; };
		31442A0D2200F99F00C8BEBE /* Assets.xcassets in Resources */ = {isa = PBXBuildFile; fileRef = 31442A0C2200F99F00C8BEBE /* Assets.xcassets */; };
		31442A102200F99F00C8BEBE /* LaunchScreen.storyboard in Resources */ = {isa = PBXBuildFile; fileRef = 31442A0E2200F99F00C8BEBE /* LaunchScreen.storyboard */; };
		315E28C62203C39C00C3BA19 /* AppDelegateSpec.swift in Sources */ = {isa = PBXBuildFile; fileRef = 315E28C52203C39C00C3BA19 /* AppDelegateSpec.swift */; };
		315E28C82203C58900C3BA19 /* ScrollPageControllerSpec.swift in Sources */ = {isa = PBXBuildFile; fileRef = 315E28C72203C58900C3BA19 /* ScrollPageControllerSpec.swift */; };
		315E28CC220469BB00C3BA19 /* ProductCardViewController.swift in Sources */ = {isa = PBXBuildFile; fileRef = 315E28CB220469BB00C3BA19 /* ProductCardViewController.swift */; };
		315E28D0220469F200C3BA19 /* ProductCardViewControllerSpec.swift in Sources */ = {isa = PBXBuildFile; fileRef = 315E28CF220469F200C3BA19 /* ProductCardViewControllerSpec.swift */; };
		315E28D322046A6200C3BA19 /* Product.swift in Sources */ = {isa = PBXBuildFile; fileRef = 315E28D222046A6200C3BA19 /* Product.swift */; };
		315E28DB2204745300C3BA19 /* DealsViewControllerFactory.swift in Sources */ = {isa = PBXBuildFile; fileRef = 315E28DA2204745300C3BA19 /* DealsViewControllerFactory.swift */; };
		315E28DD2204749C00C3BA19 /* DealsViewControllerCreating.swift in Sources */ = {isa = PBXBuildFile; fileRef = 315E28DC2204749C00C3BA19 /* DealsViewControllerCreating.swift */; };
		315E28E02204751F00C3BA19 /* DealsViewControllerCreatingDouble.swift in Sources */ = {isa = PBXBuildFile; fileRef = 315E28DF2204751F00C3BA19 /* DealsViewControllerCreatingDouble.swift */; };
		315E28E2220476AB00C3BA19 /* DealsViewControllerSpec.swift in Sources */ = {isa = PBXBuildFile; fileRef = 315E28E1220476AB00C3BA19 /* DealsViewControllerSpec.swift */; };
		315E28E4220478A900C3BA19 /* SnapshotTesting.framework in Embed Frameworks */ = {isa = PBXBuildFile; fileRef = 315E28E32204789A00C3BA19 /* SnapshotTesting.framework */; settings = {ATTRIBUTES = (CodeSignOnCopy, RemoveHeadersOnCopy, ); }; };
		315E28E62204791E00C3BA19 /* NotNilExpectation.swift in Sources */ = {isa = PBXBuildFile; fileRef = 315E28E52204791E00C3BA19 /* NotNilExpectation.swift */; };
		315E28E8220479A600C3BA19 /* UIView+TestHelpers.swift in Sources */ = {isa = PBXBuildFile; fileRef = 315E28E7220479A600C3BA19 /* UIView+TestHelpers.swift */; };
		315E28EA22047FE900C3BA19 /* ProductCardViewSpec.swift in Sources */ = {isa = PBXBuildFile; fileRef = 315E28E922047FE900C3BA19 /* ProductCardViewSpec.swift */; };
		315E28EC2204803E00C3BA19 /* UIView+Layout.swift in Sources */ = {isa = PBXBuildFile; fileRef = 315E28EB2204803E00C3BA19 /* UIView+Layout.swift */; };
		315E28EE220494F600C3BA19 /* LayoutGuideCompatible.swift in Sources */ = {isa = PBXBuildFile; fileRef = 315E28ED220494F600C3BA19 /* LayoutGuideCompatible.swift */; };
		315E28F022049B3800C3BA19 /* LayoutGuideCompatible+Layout.swift in Sources */ = {isa = PBXBuildFile; fileRef = 315E28EF22049B3800C3BA19 /* LayoutGuideCompatible+Layout.swift */; };
		315E28F32204B03E00C3BA19 /* TabBarView.swift in Sources */ = {isa = PBXBuildFile; fileRef = 315E28F22204B03E00C3BA19 /* TabBarView.swift */; };
		315E28F62204B07F00C3BA19 /* TabBarViewSpec.swift in Sources */ = {isa = PBXBuildFile; fileRef = 315E28F52204B07F00C3BA19 /* TabBarViewSpec.swift */; };
		315E28FC2204B1A500C3BA19 /* Assets.xcassets in Resources */ = {isa = PBXBuildFile; fileRef = 315E28FB2204B1A500C3BA19 /* Assets.xcassets */; };
		315E29002204C29A00C3BA19 /* GradientStyle.swift in Sources */ = {isa = PBXBuildFile; fileRef = 315E28FF2204C29A00C3BA19 /* GradientStyle.swift */; };
		315E29062204C39000C3BA19 /* GradientViewSpec.swift in Sources */ = {isa = PBXBuildFile; fileRef = 315E29052204C39000C3BA19 /* GradientViewSpec.swift */; };
		315E29092204C69000C3BA19 /* RoundButtonSpec.swift in Sources */ = {isa = PBXBuildFile; fileRef = 315E29082204C69000C3BA19 /* RoundButtonSpec.swift */; };
		315E290C2204C7A200C3BA19 /* SketchShadowSpec.swift in Sources */ = {isa = PBXBuildFile; fileRef = 315E290B2204C7A200C3BA19 /* SketchShadowSpec.swift */; };
		317F88ED2201D49700EA6D43 /* main.swift in Sources */ = {isa = PBXBuildFile; fileRef = 317F88EC2201D49700EA6D43 /* main.swift */; };
/* End PBXBuildFile section */

/* Begin PBXContainerItemProxy section */
		312943052203AC0200AEE95E /* PBXContainerItemProxy */ = {
			isa = PBXContainerItemProxy;
			containerPortal = 314429FA2200F99E00C8BEBE /* Project object */;
			proxyType = 1;
			remoteGlobalIDString = 312942FA2203AC0100AEE95E;
			remoteInfo = EcommerceDemo;
		};
		312943072203AC0200AEE95E /* PBXContainerItemProxy */ = {
			isa = PBXContainerItemProxy;
			containerPortal = 314429FA2200F99E00C8BEBE /* Project object */;
			proxyType = 1;
			remoteGlobalIDString = 31442A012200F99E00C8BEBE;
			remoteInfo = DemoApp;
		};
		3129430E2203AC0200AEE95E /* PBXContainerItemProxy */ = {
			isa = PBXContainerItemProxy;
			containerPortal = 314429FA2200F99E00C8BEBE /* Project object */;
			proxyType = 1;
			remoteGlobalIDString = 312942FA2203AC0100AEE95E;
			remoteInfo = EcommerceDemo;
		};
/* End PBXContainerItemProxy section */

/* Begin PBXCopyFilesBuildPhase section */
		312943152203AC0200AEE95E /* Embed Frameworks */ = {
			isa = PBXCopyFilesBuildPhase;
			buildActionMask = 2147483647;
			dstPath = "";
			dstSubfolderSpec = 10;
			files = (
				312943112203AC0200AEE95E /* EcommerceDemo.framework in Embed Frameworks */,
			);
			name = "Embed Frameworks";
			runOnlyForDeploymentPostprocessing = 0;
		};
		3129431B2203AF3900AEE95E /* Embed Frameworks */ = {
			isa = PBXCopyFilesBuildPhase;
			buildActionMask = 2147483647;
			dstPath = "";
			dstSubfolderSpec = 10;
			files = (
				315E28E4220478A900C3BA19 /* SnapshotTesting.framework in Embed Frameworks */,
				3129431C2203AF4C00AEE95E /* Nimble.framework in Embed Frameworks */,
				3129431D2203AF4C00AEE95E /* Quick.framework in Embed Frameworks */,
			);
			name = "Embed Frameworks";
			runOnlyForDeploymentPostprocessing = 0;
		};
/* End PBXCopyFilesBuildPhase section */

/* Begin PBXFileReference section */
		311E58A02208702C00F48140 /* UIPageControl+Style.swift */ = {isa = PBXFileReference; lastKnownFileType = sourcecode.swift; path = "UIPageControl+Style.swift"; sourceTree = "<group>"; };
		311E58A32208E9F800F48140 /* ProductViewController.swift */ = {isa = PBXFileReference; lastKnownFileType = sourcecode.swift; path = ProductViewController.swift; sourceTree = "<group>"; };
		311E58A52208EA0300F48140 /* ProductViewControllerCreating.swift */ = {isa = PBXFileReference; lastKnownFileType = sourcecode.swift; path = ProductViewControllerCreating.swift; sourceTree = "<group>"; };
		311E58A72208EA0E00F48140 /* ProductViewControllerFactory.swift */ = {isa = PBXFileReference; lastKnownFileType = sourcecode.swift; path = ProductViewControllerFactory.swift; sourceTree = "<group>"; };
		311E58A92208EA7500F48140 /* ProductView.swift */ = {isa = PBXFileReference; lastKnownFileType = sourcecode.swift; path = ProductView.swift; sourceTree = "<group>"; };
		311E58AC2208EB1500F48140 /* ProductViewSpec.swift */ = {isa = PBXFileReference; lastKnownFileType = sourcecode.swift; path = ProductViewSpec.swift; sourceTree = "<group>"; };
		311E58AE2208EB4300F48140 /* ProductViewControllerSpec.swift */ = {isa = PBXFileReference; lastKnownFileType = sourcecode.swift; path = ProductViewControllerSpec.swift; sourceTree = "<group>"; };
		311E58B02208EFE300F48140 /* ProductPresenting.swift */ = {isa = PBXFileReference; lastKnownFileType = sourcecode.swift; path = ProductPresenting.swift; sourceTree = "<group>"; };
		311E58B22208F02500F48140 /* ProductPresenter.swift */ = {isa = PBXFileReference; lastKnownFileType = sourcecode.swift; path = ProductPresenter.swift; sourceTree = "<group>"; };
		311E58B42208F0A500F48140 /* ProductDismissing.swift */ = {isa = PBXFileReference; lastKnownFileType = sourcecode.swift; path = ProductDismissing.swift; sourceTree = "<group>"; };
		311E58B62208F0B000F48140 /* ProductDismisser.swift */ = {isa = PBXFileReference; lastKnownFileType = sourcecode.swift; path = ProductDismisser.swift; sourceTree = "<group>"; };
		311E58B82208F13400F48140 /* ProductCardViewControllerCreating.swift */ = {isa = PBXFileReference; lastKnownFileType = sourcecode.swift; path = ProductCardViewControllerCreating.swift; sourceTree = "<group>"; };
		311E58BA2208F14200F48140 /* ProductCardViewControllerFactory.swift */ = {isa = PBXFileReference; lastKnownFileType = sourcecode.swift; path = ProductCardViewControllerFactory.swift; sourceTree = "<group>"; };
		311E58BC2208F82100F48140 /* ProductPresenterSpec.swift */ = {isa = PBXFileReference; lastKnownFileType = sourcecode.swift; path = ProductPresenterSpec.swift; sourceTree = "<group>"; };
		311E58BE2208F82C00F48140 /* ProductDismisserSpec.swift */ = {isa = PBXFileReference; lastKnownFileType = sourcecode.swift; path = ProductDismisserSpec.swift; sourceTree = "<group>"; };
		311E58C02208FA3B00F48140 /* ProductViewControllerCreatingDouble.swift */ = {isa = PBXFileReference; lastKnownFileType = sourcecode.swift; path = ProductViewControllerCreatingDouble.swift; sourceTree = "<group>"; };
		311E58C22208FC8D00F48140 /* ProductPresentingDouble.swift */ = {isa = PBXFileReference; lastKnownFileType = sourcecode.swift; path = ProductPresentingDouble.swift; sourceTree = "<group>"; };
		311E58C42208FDA700F48140 /* ProductDismissingDouble.swift */ = {isa = PBXFileReference; lastKnownFileType = sourcecode.swift; path = ProductDismissingDouble.swift; sourceTree = "<group>"; };
		311E58C6220902EB00F48140 /* UIButton+Style.swift */ = {isa = PBXFileReference; lastKnownFileType = sourcecode.swift; path = "UIButton+Style.swift"; sourceTree = "<group>"; };
		311E58C9220903EA00F48140 /* ImageContainer.swift */ = {isa = PBXFileReference; lastKnownFileType = sourcecode.swift; path = ImageContainer.swift; sourceTree = "<group>"; };
		311E58CB2209FF9D00F48140 /* UIToolbar+Style.swift */ = {isa = PBXFileReference; lastKnownFileType = sourcecode.swift; path = "UIToolbar+Style.swift"; sourceTree = "<group>"; };
		311E58CD2209FFEC00F48140 /* UIBarButtonItem+Style.swift */ = {isa = PBXFileReference; lastKnownFileType = sourcecode.swift; path = "UIBarButtonItem+Style.swift"; sourceTree = "<group>"; };
		311E58D0220A310D00F48140 /* ProductSpecsViewController.swift */ = {isa = PBXFileReference; lastKnownFileType = sourcecode.swift; path = ProductSpecsViewController.swift; sourceTree = "<group>"; };
		311E58D9220A345F00F48140 /* ProductSpecsViewControllerSpec.swift */ = {isa = PBXFileReference; lastKnownFileType = sourcecode.swift; path = ProductSpecsViewControllerSpec.swift; sourceTree = "<group>"; };
		312942EC2203A85100AEE95E /* Nimble.framework */ = {isa = PBXFileReference; lastKnownFileType = wrapper.framework; name = Nimble.framework; path = Carthage/Build/iOS/Nimble.framework; sourceTree = SOURCE_ROOT; };
		312942ED2203A85100AEE95E /* Quick.framework */ = {isa = PBXFileReference; lastKnownFileType = wrapper.framework; name = Quick.framework; path = Carthage/Build/iOS/Quick.framework; sourceTree = SOURCE_ROOT; };
		312942FB2203AC0100AEE95E /* EcommerceDemo.framework */ = {isa = PBXFileReference; explicitFileType = wrapper.framework; includeInIndex = 0; path = EcommerceDemo.framework; sourceTree = BUILT_PRODUCTS_DIR; };
		312942FD2203AC0100AEE95E /* EcommerceDemo.h */ = {isa = PBXFileReference; lastKnownFileType = sourcecode.c.h; path = EcommerceDemo.h; sourceTree = "<group>"; };
		312942FE2203AC0100AEE95E /* Info.plist */ = {isa = PBXFileReference; lastKnownFileType = text.plist.xml; path = Info.plist; sourceTree = "<group>"; };
		312943032203AC0200AEE95E /* EcommerceDemoTests.xctest */ = {isa = PBXFileReference; explicitFileType = wrapper.cfbundle; includeInIndex = 0; path = EcommerceDemoTests.xctest; sourceTree = BUILT_PRODUCTS_DIR; };
		3129430C2203AC0200AEE95E /* Info.plist */ = {isa = PBXFileReference; lastKnownFileType = text.plist.xml; path = Info.plist; sourceTree = "<group>"; };
		312943232203B09300AEE95E /* AppDelegate.swift */ = {isa = PBXFileReference; lastKnownFileType = sourcecode.swift; path = AppDelegate.swift; sourceTree = "<group>"; };
		312943262203B0C500AEE95E /* DealsView.swift */ = {isa = PBXFileReference; fileEncoding = 4; lastKnownFileType = sourcecode.swift; path = DealsView.swift; sourceTree = "<group>"; };
		312943272203B0C500AEE95E /* ProductCardView.swift */ = {isa = PBXFileReference; fileEncoding = 4; lastKnownFileType = sourcecode.swift; path = ProductCardView.swift; sourceTree = "<group>"; };
		312943292203B0C500AEE95E /* DealsViewController.swift */ = {isa = PBXFileReference; fileEncoding = 4; lastKnownFileType = sourcecode.swift; path = DealsViewController.swift; sourceTree = "<group>"; };
		3129432F2203B0E500AEE95E /* SketchShadow.swift */ = {isa = PBXFileReference; fileEncoding = 4; lastKnownFileType = sourcecode.swift; path = SketchShadow.swift; sourceTree = "<group>"; };
		312943302203B0E500AEE95E /* RoundButton.swift */ = {isa = PBXFileReference; fileEncoding = 4; lastKnownFileType = sourcecode.swift; path = RoundButton.swift; sourceTree = "<group>"; };
		312943312203B0E500AEE95E /* UIEdgeInsets+Helpers.swift */ = {isa = PBXFileReference; fileEncoding = 4; lastKnownFileType = sourcecode.swift; path = "UIEdgeInsets+Helpers.swift"; sourceTree = "<group>"; };
		312943322203B0E500AEE95E /* UILabel+Style.swift */ = {isa = PBXFileReference; fileEncoding = 4; lastKnownFileType = sourcecode.swift; path = "UILabel+Style.swift"; sourceTree = "<group>"; };
		312943342203B0E500AEE95E /* UIScrollView+Viewport.swift */ = {isa = PBXFileReference; fileEncoding = 4; lastKnownFileType = sourcecode.swift; path = "UIScrollView+Viewport.swift"; sourceTree = "<group>"; };
		312943352203B0E500AEE95E /* FuncUtils.swift */ = {isa = PBXFileReference; fileEncoding = 4; lastKnownFileType = sourcecode.swift; path = FuncUtils.swift; sourceTree = "<group>"; };
		312943362203B0E600AEE95E /* ScrollPageController.swift */ = {isa = PBXFileReference; fileEncoding = 4; lastKnownFileType = sourcecode.swift; path = ScrollPageController.swift; sourceTree = "<group>"; };
		312943372203B0E600AEE95E /* GradientView.swift */ = {isa = PBXFileReference; fileEncoding = 4; lastKnownFileType = sourcecode.swift; path = GradientView.swift; sourceTree = "<group>"; };
		312943422203B13E00AEE95E /* product_surface.png */ = {isa = PBXFileReference; lastKnownFileType = image.png; path = product_surface.png; sourceTree = "<group>"; };
		312943432203B13E00AEE95E /* UIFont+Assets.swift */ = {isa = PBXFileReference; fileEncoding = 4; lastKnownFileType = sourcecode.swift; path = "UIFont+Assets.swift"; sourceTree = "<group>"; };
		312943442203B13E00AEE95E /* GradientStyle+Assets.swift */ = {isa = PBXFileReference; fileEncoding = 4; lastKnownFileType = sourcecode.swift; path = "GradientStyle+Assets.swift"; sourceTree = "<group>"; };
		312943452203B13E00AEE95E /* product_oculus.png */ = {isa = PBXFileReference; lastKnownFileType = image.png; path = product_oculus.png; sourceTree = "<group>"; };
		312943462203B13E00AEE95E /* SketchShadow+Assets.swift */ = {isa = PBXFileReference; fileEncoding = 4; lastKnownFileType = sourcecode.swift; path = "SketchShadow+Assets.swift"; sourceTree = "<group>"; };
		312943472203B13E00AEE95E /* UIImage+Assets.swift */ = {isa = PBXFileReference; fileEncoding = 4; lastKnownFileType = sourcecode.swift; path = "UIImage+Assets.swift"; sourceTree = "<group>"; };
		312943482203B13E00AEE95E /* VarelaRound-Regular.ttf */ = {isa = PBXFileReference; lastKnownFileType = file; path = "VarelaRound-Regular.ttf"; sourceTree = "<group>"; };
		312943492203B13E00AEE95E /* UIColor+Assets.swift */ = {isa = PBXFileReference; fileEncoding = 4; lastKnownFileType = sourcecode.swift; path = "UIColor+Assets.swift"; sourceTree = "<group>"; };
		3129434A2203B13E00AEE95E /* product_xbox.png */ = {isa = PBXFileReference; lastKnownFileType = image.png; path = product_xbox.png; sourceTree = "<group>"; };
		3129435A2203B2D100AEE95E /* AppDelegateDouble.swift */ = {isa = PBXFileReference; fileEncoding = 4; lastKnownFileType = sourcecode.swift; path = AppDelegateDouble.swift; sourceTree = "<group>"; };
		312943602203BD7400AEE95E /* Bundle.swift */ = {isa = PBXFileReference; lastKnownFileType = sourcecode.swift; path = Bundle.swift; sourceTree = "<group>"; };
		312943632203BFA000AEE95E /* RegisterFonts.swift */ = {isa = PBXFileReference; lastKnownFileType = sourcecode.swift; path = RegisterFonts.swift; sourceTree = "<group>"; };
		31442A022200F99E00C8BEBE /* DemoApp.app */ = {isa = PBXFileReference; explicitFileType = wrapper.application; includeInIndex = 0; path = DemoApp.app; sourceTree = BUILT_PRODUCTS_DIR; };
		31442A0C2200F99F00C8BEBE /* Assets.xcassets */ = {isa = PBXFileReference; lastKnownFileType = folder.assetcatalog; path = Assets.xcassets; sourceTree = "<group>"; };
		31442A0F2200F99F00C8BEBE /* Base */ = {isa = PBXFileReference; lastKnownFileType = file.storyboard; name = Base; path = Base.lproj/LaunchScreen.storyboard; sourceTree = "<group>"; };
		31442A112200F99F00C8BEBE /* Info.plist */ = {isa = PBXFileReference; lastKnownFileType = text.plist.xml; path = Info.plist; sourceTree = "<group>"; };
		315E28C52203C39C00C3BA19 /* AppDelegateSpec.swift */ = {isa = PBXFileReference; lastKnownFileType = sourcecode.swift; path = AppDelegateSpec.swift; sourceTree = "<group>"; };
		315E28C72203C58900C3BA19 /* ScrollPageControllerSpec.swift */ = {isa = PBXFileReference; lastKnownFileType = sourcecode.swift; path = ScrollPageControllerSpec.swift; sourceTree = "<group>"; };
		315E28CB220469BB00C3BA19 /* ProductCardViewController.swift */ = {isa = PBXFileReference; lastKnownFileType = sourcecode.swift; path = ProductCardViewController.swift; sourceTree = "<group>"; };
		315E28CF220469F200C3BA19 /* ProductCardViewControllerSpec.swift */ = {isa = PBXFileReference; lastKnownFileType = sourcecode.swift; path = ProductCardViewControllerSpec.swift; sourceTree = "<group>"; };
		315E28D222046A6200C3BA19 /* Product.swift */ = {isa = PBXFileReference; lastKnownFileType = sourcecode.swift; path = Product.swift; sourceTree = "<group>"; };
		315E28DA2204745300C3BA19 /* DealsViewControllerFactory.swift */ = {isa = PBXFileReference; lastKnownFileType = sourcecode.swift; path = DealsViewControllerFactory.swift; sourceTree = "<group>"; };
		315E28DC2204749C00C3BA19 /* DealsViewControllerCreating.swift */ = {isa = PBXFileReference; lastKnownFileType = sourcecode.swift; path = DealsViewControllerCreating.swift; sourceTree = "<group>"; };
		315E28DF2204751F00C3BA19 /* DealsViewControllerCreatingDouble.swift */ = {isa = PBXFileReference; lastKnownFileType = sourcecode.swift; path = DealsViewControllerCreatingDouble.swift; sourceTree = "<group>"; };
		315E28E1220476AB00C3BA19 /* DealsViewControllerSpec.swift */ = {isa = PBXFileReference; lastKnownFileType = sourcecode.swift; path = DealsViewControllerSpec.swift; sourceTree = "<group>"; };
		315E28E32204789A00C3BA19 /* SnapshotTesting.framework */ = {isa = PBXFileReference; lastKnownFileType = wrapper.framework; name = SnapshotTesting.framework; path = Carthage/Build/iOS/SnapshotTesting.framework; sourceTree = "<group>"; };
		315E28E52204791E00C3BA19 /* NotNilExpectation.swift */ = {isa = PBXFileReference; lastKnownFileType = sourcecode.swift; path = NotNilExpectation.swift; sourceTree = "<group>"; };
		315E28E7220479A600C3BA19 /* UIView+TestHelpers.swift */ = {isa = PBXFileReference; lastKnownFileType = sourcecode.swift; path = "UIView+TestHelpers.swift"; sourceTree = "<group>"; };
		315E28E922047FE900C3BA19 /* ProductCardViewSpec.swift */ = {isa = PBXFileReference; lastKnownFileType = sourcecode.swift; path = ProductCardViewSpec.swift; sourceTree = "<group>"; };
		315E28EB2204803E00C3BA19 /* UIView+Layout.swift */ = {isa = PBXFileReference; lastKnownFileType = sourcecode.swift; path = "UIView+Layout.swift"; sourceTree = "<group>"; };
		315E28ED220494F600C3BA19 /* LayoutGuideCompatible.swift */ = {isa = PBXFileReference; lastKnownFileType = sourcecode.swift; path = LayoutGuideCompatible.swift; sourceTree = "<group>"; };
		315E28EF22049B3800C3BA19 /* LayoutGuideCompatible+Layout.swift */ = {isa = PBXFileReference; lastKnownFileType = sourcecode.swift; path = "LayoutGuideCompatible+Layout.swift"; sourceTree = "<group>"; };
		315E28F22204B03E00C3BA19 /* TabBarView.swift */ = {isa = PBXFileReference; lastKnownFileType = sourcecode.swift; path = TabBarView.swift; sourceTree = "<group>"; };
		315E28F52204B07F00C3BA19 /* TabBarViewSpec.swift */ = {isa = PBXFileReference; lastKnownFileType = sourcecode.swift; path = TabBarViewSpec.swift; sourceTree = "<group>"; };
		315E28FB2204B1A500C3BA19 /* Assets.xcassets */ = {isa = PBXFileReference; lastKnownFileType = folder.assetcatalog; path = Assets.xcassets; sourceTree = "<group>"; };
		315E28FF2204C29A00C3BA19 /* GradientStyle.swift */ = {isa = PBXFileReference; lastKnownFileType = sourcecode.swift; path = GradientStyle.swift; sourceTree = "<group>"; };
		315E29052204C39000C3BA19 /* GradientViewSpec.swift */ = {isa = PBXFileReference; lastKnownFileType = sourcecode.swift; path = GradientViewSpec.swift; sourceTree = "<group>"; };
		315E29082204C69000C3BA19 /* RoundButtonSpec.swift */ = {isa = PBXFileReference; lastKnownFileType = sourcecode.swift; path = RoundButtonSpec.swift; sourceTree = "<group>"; };
		315E290B2204C7A200C3BA19 /* SketchShadowSpec.swift */ = {isa = PBXFileReference; lastKnownFileType = sourcecode.swift; path = SketchShadowSpec.swift; sourceTree = "<group>"; };
		317F88EC2201D49700EA6D43 /* main.swift */ = {isa = PBXFileReference; lastKnownFileType = sourcecode.swift; path = main.swift; sourceTree = "<group>"; };
/* End PBXFileReference section */

/* Begin PBXFrameworksBuildPhase section */
		312942F82203AC0100AEE95E /* Frameworks */ = {
			isa = PBXFrameworksBuildPhase;
			buildActionMask = 2147483647;
			files = (
			);
			runOnlyForDeploymentPostprocessing = 0;
		};
/* End PBXFrameworksBuildPhase section */

/* Begin PBXGroup section */
		311E58A22208E9E700F48140 /* Product */ = {
			isa = PBXGroup;
			children = (
				311E58B62208F0B000F48140 /* ProductDismisser.swift */,
				311E58B42208F0A500F48140 /* ProductDismissing.swift */,
				311E58B22208F02500F48140 /* ProductPresenter.swift */,
				311E58B02208EFE300F48140 /* ProductPresenting.swift */,
				311E58A92208EA7500F48140 /* ProductView.swift */,
				311E58A32208E9F800F48140 /* ProductViewController.swift */,
				311E58A52208EA0300F48140 /* ProductViewControllerCreating.swift */,
				311E58A72208EA0E00F48140 /* ProductViewControllerFactory.swift */,
			);
			path = Product;
			sourceTree = "<group>";
		};
		311E58AB2208EB0600F48140 /* Product */ = {
			isa = PBXGroup;
			children = (
				311E58BE2208F82C00F48140 /* ProductDismisserSpec.swift */,
				311E58C42208FDA700F48140 /* ProductDismissingDouble.swift */,
				311E58BC2208F82100F48140 /* ProductPresenterSpec.swift */,
				311E58C22208FC8D00F48140 /* ProductPresentingDouble.swift */,
				311E58C02208FA3B00F48140 /* ProductViewControllerCreatingDouble.swift */,
				311E58AE2208EB4300F48140 /* ProductViewControllerSpec.swift */,
				311E58AC2208EB1500F48140 /* ProductViewSpec.swift */,
			);
			path = Product;
			sourceTree = "<group>";
		};
		311E58C8220903DF00F48140 /* ImageContainer */ = {
			isa = PBXGroup;
			children = (
				311E58C9220903EA00F48140 /* ImageContainer.swift */,
			);
			path = ImageContainer;
			sourceTree = "<group>";
		};
		311E58CF220A30FC00F48140 /* ProductSpecs */ = {
			isa = PBXGroup;
			children = (
				311E58D0220A310D00F48140 /* ProductSpecsViewController.swift */,
			);
			path = ProductSpecs;
			sourceTree = "<group>";
		};
		311E58D8220A343F00F48140 /* ProductSpecs */ = {
			isa = PBXGroup;
			children = (
				311E58D9220A345F00F48140 /* ProductSpecsViewControllerSpec.swift */,
			);
			path = ProductSpecs;
			sourceTree = "<group>";
		};
		312942EB2203A82300AEE95E /* Frameworks */ = {
			isa = PBXGroup;
			children = (
				312942EC2203A85100AEE95E /* Nimble.framework */,
				312942ED2203A85100AEE95E /* Quick.framework */,
				315E28E32204789A00C3BA19 /* SnapshotTesting.framework */,
			);
			name = Frameworks;
			sourceTree = "<group>";
		};
		312942FC2203AC0100AEE95E /* EcommerceDemo */ = {
			isa = PBXGroup;
			children = (
				312943222203B08700AEE95E /* Application */,
				315E28C922045D8000C3BA19 /* Components */,
				3129432E2203B0CA00AEE95E /* Helpers */,
				315E28D122046A5400C3BA19 /* Models */,
				312943412203B10B00AEE95E /* Resources */,
				312943192203ADBA00AEE95E /* Supporting Files */,
			);
			path = EcommerceDemo;
			sourceTree = "<group>";
		};
		312943092203AC0200AEE95E /* EcommerceDemoTests */ = {
			isa = PBXGroup;
			children = (
				312943552203B24100AEE95E /* Application */,
				315E28CD220469DD00C3BA19 /* Components */,
				312943562203B25F00AEE95E /* Helpers */,
				3129431A2203AE0F00AEE95E /* Supporting Files */,
			);
			path = EcommerceDemoTests;
			sourceTree = "<group>";
		};
		312943192203ADBA00AEE95E /* Supporting Files */ = {
			isa = PBXGroup;
			children = (
				312942FD2203AC0100AEE95E /* EcommerceDemo.h */,
				312942FE2203AC0100AEE95E /* Info.plist */,
			);
			path = "Supporting Files";
			sourceTree = "<group>";
		};
		3129431A2203AE0F00AEE95E /* Supporting Files */ = {
			isa = PBXGroup;
			children = (
				3129430C2203AC0200AEE95E /* Info.plist */,
			);
			path = "Supporting Files";
			sourceTree = "<group>";
		};
		312943222203B08700AEE95E /* Application */ = {
			isa = PBXGroup;
			children = (
				312943232203B09300AEE95E /* AppDelegate.swift */,
			);
			path = Application;
			sourceTree = "<group>";
		};
		312943252203B0A000AEE95E /* Deals */ = {
			isa = PBXGroup;
			children = (
				312943262203B0C500AEE95E /* DealsView.swift */,
				312943292203B0C500AEE95E /* DealsViewController.swift */,
				315E28DC2204749C00C3BA19 /* DealsViewControllerCreating.swift */,
				315E28DA2204745300C3BA19 /* DealsViewControllerFactory.swift */,
			);
			path = Deals;
			sourceTree = "<group>";
		};
		3129432E2203B0CA00AEE95E /* Helpers */ = {
			isa = PBXGroup;
			children = (
				312943602203BD7400AEE95E /* Bundle.swift */,
				312943352203B0E500AEE95E /* FuncUtils.swift */,
				312943442203B13E00AEE95E /* GradientStyle+Assets.swift */,
				315E28ED220494F600C3BA19 /* LayoutGuideCompatible.swift */,
				315E28EF22049B3800C3BA19 /* LayoutGuideCompatible+Layout.swift */,
				312943462203B13E00AEE95E /* SketchShadow+Assets.swift */,
				311E58CD2209FFEC00F48140 /* UIBarButtonItem+Style.swift */,
				311E58C6220902EB00F48140 /* UIButton+Style.swift */,
				312943492203B13E00AEE95E /* UIColor+Assets.swift */,
				312943312203B0E500AEE95E /* UIEdgeInsets+Helpers.swift */,
				312943432203B13E00AEE95E /* UIFont+Assets.swift */,
				312943472203B13E00AEE95E /* UIImage+Assets.swift */,
				312943322203B0E500AEE95E /* UILabel+Style.swift */,
				311E58A02208702C00F48140 /* UIPageControl+Style.swift */,
				312943342203B0E500AEE95E /* UIScrollView+Viewport.swift */,
				311E58CB2209FF9D00F48140 /* UIToolbar+Style.swift */,
				315E28EB2204803E00C3BA19 /* UIView+Layout.swift */,
			);
			path = Helpers;
			sourceTree = "<group>";
		};
		312943412203B10B00AEE95E /* Resources */ = {
			isa = PBXGroup;
			children = (
				315E28FB2204B1A500C3BA19 /* Assets.xcassets */,
				312943452203B13E00AEE95E /* product_oculus.png */,
				312943422203B13E00AEE95E /* product_surface.png */,
				3129434A2203B13E00AEE95E /* product_xbox.png */,
				312943482203B13E00AEE95E /* VarelaRound-Regular.ttf */,
			);
			path = Resources;
			sourceTree = "<group>";
		};
		312943552203B24100AEE95E /* Application */ = {
			isa = PBXGroup;
			children = (
				3129435A2203B2D100AEE95E /* AppDelegateDouble.swift */,
				315E28C52203C39C00C3BA19 /* AppDelegateSpec.swift */,
			);
			path = Application;
			sourceTree = "<group>";
		};
		312943562203B25F00AEE95E /* Helpers */ = {
			isa = PBXGroup;
			children = (
				315E28E52204791E00C3BA19 /* NotNilExpectation.swift */,
				315E28E7220479A600C3BA19 /* UIView+TestHelpers.swift */,
			);
			path = Helpers;
			sourceTree = "<group>";
		};
		314429F92200F99E00C8BEBE = {
			isa = PBXGroup;
			children = (
				31442A042200F99E00C8BEBE /* DemoApp */,
				312942FC2203AC0100AEE95E /* EcommerceDemo */,
				312943092203AC0200AEE95E /* EcommerceDemoTests */,
				312942EB2203A82300AEE95E /* Frameworks */,
				31442A032200F99E00C8BEBE /* Products */,
			);
			sourceTree = "<group>";
		};
		31442A032200F99E00C8BEBE /* Products */ = {
			isa = PBXGroup;
			children = (
				31442A022200F99E00C8BEBE /* DemoApp.app */,
				312942FB2203AC0100AEE95E /* EcommerceDemo.framework */,
				312943032203AC0200AEE95E /* EcommerceDemoTests.xctest */,
			);
			name = Products;
			sourceTree = "<group>";
		};
		31442A042200F99E00C8BEBE /* DemoApp */ = {
			isa = PBXGroup;
			children = (
				317F88EC2201D49700EA6D43 /* main.swift */,
				312943632203BFA000AEE95E /* RegisterFonts.swift */,
				3188DD3E2200FB2900E33866 /* Resources */,
			);
			path = DemoApp;
			sourceTree = "<group>";
		};
		315E28C922045D8000C3BA19 /* Components */ = {
			isa = PBXGroup;
			children = (
				312943252203B0A000AEE95E /* Deals */,
				315E28FE2204C27600C3BA19 /* Gradient */,
				311E58C8220903DF00F48140 /* ImageContainer */,
				311E58A22208E9E700F48140 /* Product */,
				315E28CA22045DA500C3BA19 /* ProductCard */,
				311E58CF220A30FC00F48140 /* ProductSpecs */,
				315E28FD2204C26500C3BA19 /* RoundButton */,
				315E29022204C30200C3BA19 /* ScrollPage */,
				315E29012204C2D400C3BA19 /* SketchShadow */,
				315E28F12204B03200C3BA19 /* TabBar */,
			);
			path = Components;
			sourceTree = "<group>";
		};
		315E28CA22045DA500C3BA19 /* ProductCard */ = {
			isa = PBXGroup;
			children = (
				312943272203B0C500AEE95E /* ProductCardView.swift */,
				315E28CB220469BB00C3BA19 /* ProductCardViewController.swift */,
				311E58B82208F13400F48140 /* ProductCardViewControllerCreating.swift */,
				311E58BA2208F14200F48140 /* ProductCardViewControllerFactory.swift */,
			);
			path = ProductCard;
			sourceTree = "<group>";
		};
		315E28CD220469DD00C3BA19 /* Components */ = {
			isa = PBXGroup;
			children = (
				315E28DE2204751000C3BA19 /* Deals */,
				315E29042204C38600C3BA19 /* Gradient */,
				311E58AB2208EB0600F48140 /* Product */,
				315E28CE220469E500C3BA19 /* ProductCard */,
				311E58D8220A343F00F48140 /* ProductSpecs */,
				315E29072204C68000C3BA19 /* RoundButton */,
				315E29032204C34800C3BA19 /* ScrollPage */,
				315E290A2204C78E00C3BA19 /* SketchShadow */,
				315E28F42204B07200C3BA19 /* TabBar */,
			);
			path = Components;
			sourceTree = "<group>";
		};
		315E28CE220469E500C3BA19 /* ProductCard */ = {
			isa = PBXGroup;
			children = (
				315E28CF220469F200C3BA19 /* ProductCardViewControllerSpec.swift */,
				315E28E922047FE900C3BA19 /* ProductCardViewSpec.swift */,
			);
			path = ProductCard;
			sourceTree = "<group>";
		};
		315E28D122046A5400C3BA19 /* Models */ = {
			isa = PBXGroup;
			children = (
				315E28D222046A6200C3BA19 /* Product.swift */,
			);
			path = Models;
			sourceTree = "<group>";
		};
		315E28DE2204751000C3BA19 /* Deals */ = {
			isa = PBXGroup;
			children = (
				315E28DF2204751F00C3BA19 /* DealsViewControllerCreatingDouble.swift */,
				315E28E1220476AB00C3BA19 /* DealsViewControllerSpec.swift */,
			);
			path = Deals;
			sourceTree = "<group>";
		};
		315E28F12204B03200C3BA19 /* TabBar */ = {
			isa = PBXGroup;
			children = (
				315E28F22204B03E00C3BA19 /* TabBarView.swift */,
			);
			path = TabBar;
			sourceTree = "<group>";
		};
		315E28F42204B07200C3BA19 /* TabBar */ = {
			isa = PBXGroup;
			children = (
				315E28F52204B07F00C3BA19 /* TabBarViewSpec.swift */,
			);
			path = TabBar;
			sourceTree = "<group>";
		};
		315E28FD2204C26500C3BA19 /* RoundButton */ = {
			isa = PBXGroup;
			children = (
				312943302203B0E500AEE95E /* RoundButton.swift */,
			);
			path = RoundButton;
			sourceTree = "<group>";
		};
		315E28FE2204C27600C3BA19 /* Gradient */ = {
			isa = PBXGroup;
			children = (
				315E28FF2204C29A00C3BA19 /* GradientStyle.swift */,
				312943372203B0E600AEE95E /* GradientView.swift */,
			);
			path = Gradient;
			sourceTree = "<group>";
		};
		315E29012204C2D400C3BA19 /* SketchShadow */ = {
			isa = PBXGroup;
			children = (
				3129432F2203B0E500AEE95E /* SketchShadow.swift */,
			);
			path = SketchShadow;
			sourceTree = "<group>";
		};
		315E29022204C30200C3BA19 /* ScrollPage */ = {
			isa = PBXGroup;
			children = (
				312943362203B0E600AEE95E /* ScrollPageController.swift */,
			);
			path = ScrollPage;
			sourceTree = "<group>";
		};
		315E29032204C34800C3BA19 /* ScrollPage */ = {
			isa = PBXGroup;
			children = (
				315E28C72203C58900C3BA19 /* ScrollPageControllerSpec.swift */,
			);
			path = ScrollPage;
			sourceTree = "<group>";
		};
		315E29042204C38600C3BA19 /* Gradient */ = {
			isa = PBXGroup;
			children = (
				315E29052204C39000C3BA19 /* GradientViewSpec.swift */,
			);
			path = Gradient;
			sourceTree = "<group>";
		};
		315E29072204C68000C3BA19 /* RoundButton */ = {
			isa = PBXGroup;
			children = (
				315E29082204C69000C3BA19 /* RoundButtonSpec.swift */,
			);
			path = RoundButton;
			sourceTree = "<group>";
		};
		315E290A2204C78E00C3BA19 /* SketchShadow */ = {
			isa = PBXGroup;
			children = (
				315E290B2204C7A200C3BA19 /* SketchShadowSpec.swift */,
			);
			path = SketchShadow;
			sourceTree = "<group>";
		};
		3188DD3E2200FB2900E33866 /* Resources */ = {
			isa = PBXGroup;
			children = (
				31442A0C2200F99F00C8BEBE /* Assets.xcassets */,
				31442A112200F99F00C8BEBE /* Info.plist */,
				31442A0E2200F99F00C8BEBE /* LaunchScreen.storyboard */,
			);
			path = Resources;
			sourceTree = "<group>";
		};
/* End PBXGroup section */

/* Begin PBXHeadersBuildPhase section */
		312942F62203AC0100AEE95E /* Headers */ = {
			isa = PBXHeadersBuildPhase;
			buildActionMask = 2147483647;
			files = (
				3129430D2203AC0200AEE95E /* EcommerceDemo.h in Headers */,
			);
			runOnlyForDeploymentPostprocessing = 0;
		};
/* End PBXHeadersBuildPhase section */

/* Begin PBXNativeTarget section */
		312942FA2203AC0100AEE95E /* EcommerceDemo */ = {
			isa = PBXNativeTarget;
			buildConfigurationList = 312943122203AC0200AEE95E /* Build configuration list for PBXNativeTarget "EcommerceDemo" */;
			buildPhases = (
				3129431E2203AF6A00AEE95E /* Run SwiftLint */,
				312942F62203AC0100AEE95E /* Headers */,
				312942F72203AC0100AEE95E /* Sources */,
				312942F82203AC0100AEE95E /* Frameworks */,
				312942F92203AC0100AEE95E /* Resources */,
			);
			buildRules = (
			);
			dependencies = (
			);
			name = EcommerceDemo;
			productName = EcommerceDemo;
			productReference = 312942FB2203AC0100AEE95E /* EcommerceDemo.framework */;
			productType = "com.apple.product-type.framework";
		};
		312943022203AC0200AEE95E /* EcommerceDemoTests */ = {
			isa = PBXNativeTarget;
			buildConfigurationList = 312943162203AC0200AEE95E /* Build configuration list for PBXNativeTarget "EcommerceDemoTests" */;
			buildPhases = (
				3129431F2203AF9600AEE95E /* Run SwiftLint */,
				312942FF2203AC0200AEE95E /* Sources */,
				312943012203AC0200AEE95E /* Resources */,
				3129431B2203AF3900AEE95E /* Embed Frameworks */,
			);
			buildRules = (
			);
			dependencies = (
				312943062203AC0200AEE95E /* PBXTargetDependency */,
				312943082203AC0200AEE95E /* PBXTargetDependency */,
			);
			name = EcommerceDemoTests;
			productName = EcommerceDemoTests;
			productReference = 312943032203AC0200AEE95E /* EcommerceDemoTests.xctest */;
			productType = "com.apple.product-type.bundle.unit-test";
		};
		31442A012200F99E00C8BEBE /* DemoApp */ = {
			isa = PBXNativeTarget;
			buildConfigurationList = 31442A142200F99F00C8BEBE /* Build configuration list for PBXNativeTarget "DemoApp" */;
			buildPhases = (
				318FA1B42200FCD500947C40 /* Run SwiftLint */,
				314429FE2200F99E00C8BEBE /* Sources */,
				31442A002200F99E00C8BEBE /* Resources */,
				312943152203AC0200AEE95E /* Embed Frameworks */,
			);
			buildRules = (
			);
			dependencies = (
				3129430F2203AC0200AEE95E /* PBXTargetDependency */,
			);
			name = DemoApp;
			productName = DemoApp;
			productReference = 31442A022200F99E00C8BEBE /* DemoApp.app */;
			productType = "com.apple.product-type.application";
		};
/* End PBXNativeTarget section */

/* Begin PBXProject section */
		314429FA2200F99E00C8BEBE /* Project object */ = {
			isa = PBXProject;
			attributes = {
				LastSwiftUpdateCheck = 1010;
				LastUpgradeCheck = 1010;
				ORGANIZATIONNAME = "EL Passion";
				TargetAttributes = {
					312942FA2203AC0100AEE95E = {
						CreatedOnToolsVersion = 10.1;
						LastSwiftMigration = 1010;
					};
					312943022203AC0200AEE95E = {
						CreatedOnToolsVersion = 10.1;
						TestTargetID = 31442A012200F99E00C8BEBE;
					};
					31442A012200F99E00C8BEBE = {
						CreatedOnToolsVersion = 10.1;
					};
				};
			};
			buildConfigurationList = 314429FD2200F99E00C8BEBE /* Build configuration list for PBXProject "Demo" */;
			compatibilityVersion = "Xcode 9.3";
			developmentRegion = en;
			hasScannedForEncodings = 0;
			knownRegions = (
				en,
				Base,
			);
			mainGroup = 314429F92200F99E00C8BEBE;
			productRefGroup = 31442A032200F99E00C8BEBE /* Products */;
			projectDirPath = "";
			projectRoot = "";
			targets = (
				31442A012200F99E00C8BEBE /* DemoApp */,
				312942FA2203AC0100AEE95E /* EcommerceDemo */,
				312943022203AC0200AEE95E /* EcommerceDemoTests */,
			);
		};
/* End PBXProject section */

/* Begin PBXResourcesBuildPhase section */
		312942F92203AC0100AEE95E /* Resources */ = {
			isa = PBXResourcesBuildPhase;
			buildActionMask = 2147483647;
			files = (
				312943532203B13E00AEE95E /* product_xbox.png in Resources */,
				3129434E2203B13E00AEE95E /* product_oculus.png in Resources */,
				3129434B2203B13E00AEE95E /* product_surface.png in Resources */,
				312943512203B13E00AEE95E /* VarelaRound-Regular.ttf in Resources */,
				315E28FC2204B1A500C3BA19 /* Assets.xcassets in Resources */,
			);
			runOnlyForDeploymentPostprocessing = 0;
		};
		312943012203AC0200AEE95E /* Resources */ = {
			isa = PBXResourcesBuildPhase;
			buildActionMask = 2147483647;
			files = (
			);
			runOnlyForDeploymentPostprocessing = 0;
		};
		31442A002200F99E00C8BEBE /* Resources */ = {
			isa = PBXResourcesBuildPhase;
			buildActionMask = 2147483647;
			files = (
				31442A102200F99F00C8BEBE /* LaunchScreen.storyboard in Resources */,
				31442A0D2200F99F00C8BEBE /* Assets.xcassets in Resources */,
			);
			runOnlyForDeploymentPostprocessing = 0;
		};
/* End PBXResourcesBuildPhase section */

/* Begin PBXShellScriptBuildPhase section */
		3129431E2203AF6A00AEE95E /* Run SwiftLint */ = {
			isa = PBXShellScriptBuildPhase;
			buildActionMask = 2147483647;
			files = (
			);
			inputFileListPaths = (
			);
			inputPaths = (
			);
			name = "Run SwiftLint";
			outputFileListPaths = (
			);
			outputPaths = (
			);
			runOnlyForDeploymentPostprocessing = 0;
			shellPath = /bin/sh;
			shellScript = "set -e\n\nif ! which swiftlint > /dev/null; then\n  echo \"error: SwiftLint is not installed. Visit http://github.com/realm/SwiftLint to learn more.\"\n  exit 1\nfi\n\ncd $PRODUCT_NAME\nswiftlint\n";
		};
		3129431F2203AF9600AEE95E /* Run SwiftLint */ = {
			isa = PBXShellScriptBuildPhase;
			buildActionMask = 2147483647;
			files = (
			);
			inputFileListPaths = (
			);
			inputPaths = (
			);
			name = "Run SwiftLint";
			outputFileListPaths = (
			);
			outputPaths = (
			);
			runOnlyForDeploymentPostprocessing = 0;
			shellPath = /bin/sh;
			shellScript = "set -e\n\nif ! which swiftlint > /dev/null; then\n  echo \"error: SwiftLint is not installed. Visit http://github.com/realm/SwiftLint to learn more.\"\n  exit 1\nfi\n\ncd $PRODUCT_NAME\nswiftlint\n";
		};
		318FA1B42200FCD500947C40 /* Run SwiftLint */ = {
			isa = PBXShellScriptBuildPhase;
			buildActionMask = 2147483647;
			files = (
			);
			inputFileListPaths = (
			);
			inputPaths = (
			);
			name = "Run SwiftLint";
			outputFileListPaths = (
			);
			outputPaths = (
			);
			runOnlyForDeploymentPostprocessing = 0;
			shellPath = /bin/sh;
			shellScript = "set -e\n\nif ! which swiftlint > /dev/null; then\n  echo \"error: SwiftLint is not installed. Visit http://github.com/realm/SwiftLint to learn more.\"\n  exit 1\nfi\n\ncd $PRODUCT_NAME\nswiftlint\n";
		};
/* End PBXShellScriptBuildPhase section */

/* Begin PBXSourcesBuildPhase section */
		312942F72203AC0100AEE95E /* Sources */ = {
			isa = PBXSourcesBuildPhase;
			buildActionMask = 2147483647;
			files = (
				315E28F32204B03E00C3BA19 /* TabBarView.swift in Sources */,
				3129433A2203B0E600AEE95E /* UIEdgeInsets+Helpers.swift in Sources */,
				311E58CA220903EA00F48140 /* ImageContainer.swift in Sources */,
				3129434C2203B13E00AEE95E /* UIFont+Assets.swift in Sources */,
				315E28DB2204745300C3BA19 /* DealsViewControllerFactory.swift in Sources */,
				312943522203B13E00AEE95E /* UIColor+Assets.swift in Sources */,
				3129433F2203B0E600AEE95E /* ScrollPageController.swift in Sources */,
				312943402203B0E600AEE95E /* GradientView.swift in Sources */,
				311E58AA2208EA7500F48140 /* ProductView.swift in Sources */,
				315E28D322046A6200C3BA19 /* Product.swift in Sources */,
				311E58CE2209FFEC00F48140 /* UIBarButtonItem+Style.swift in Sources */,
				311E58B52208F0A500F48140 /* ProductDismissing.swift in Sources */,
				3129434D2203B13E00AEE95E /* GradientStyle+Assets.swift in Sources */,
				311E58A82208EA0E00F48140 /* ProductViewControllerFactory.swift in Sources */,
				315E28EC2204803E00C3BA19 /* UIView+Layout.swift in Sources */,
				311E58C7220902EB00F48140 /* UIButton+Style.swift in Sources */,
				311E58B92208F13400F48140 /* ProductCardViewControllerCreating.swift in Sources */,
				3129433D2203B0E600AEE95E /* UIScrollView+Viewport.swift in Sources */,
				3129434F2203B13E00AEE95E /* SketchShadow+Assets.swift in Sources */,
				315E28EE220494F600C3BA19 /* LayoutGuideCompatible.swift in Sources */,
				3129433E2203B0E600AEE95E /* FuncUtils.swift in Sources */,
				315E28CC220469BB00C3BA19 /* ProductCardViewController.swift in Sources */,
				312943392203B0E600AEE95E /* RoundButton.swift in Sources */,
				312943242203B09300AEE95E /* AppDelegate.swift in Sources */,
				315E29002204C29A00C3BA19 /* GradientStyle.swift in Sources */,
				311E58A42208E9F800F48140 /* ProductViewController.swift in Sources */,
				315E28DD2204749C00C3BA19 /* DealsViewControllerCreating.swift in Sources */,
				311E58D1220A310D00F48140 /* ProductSpecsViewController.swift in Sources */,
				311E58BB2208F14200F48140 /* ProductCardViewControllerFactory.swift in Sources */,
				3129432A2203B0C500AEE95E /* DealsView.swift in Sources */,
				312943382203B0E600AEE95E /* SketchShadow.swift in Sources */,
				311E58B72208F0B000F48140 /* ProductDismisser.swift in Sources */,
				311E58CC2209FF9D00F48140 /* UIToolbar+Style.swift in Sources */,
				315E28F022049B3800C3BA19 /* LayoutGuideCompatible+Layout.swift in Sources */,
				312943612203BD7400AEE95E /* Bundle.swift in Sources */,
				311E58A62208EA0300F48140 /* ProductViewControllerCreating.swift in Sources */,
				3129432D2203B0C500AEE95E /* DealsViewController.swift in Sources */,
				311E58A12208702C00F48140 /* UIPageControl+Style.swift in Sources */,
				3129433B2203B0E600AEE95E /* UILabel+Style.swift in Sources */,
				3129432B2203B0C500AEE95E /* ProductCardView.swift in Sources */,
				311E58B12208EFE300F48140 /* ProductPresenting.swift in Sources */,
				312943502203B13E00AEE95E /* UIImage+Assets.swift in Sources */,
				311E58B32208F02500F48140 /* ProductPresenter.swift in Sources */,
			);
			runOnlyForDeploymentPostprocessing = 0;
		};
		312942FF2203AC0200AEE95E /* Sources */ = {
			isa = PBXSourcesBuildPhase;
			buildActionMask = 2147483647;
			files = (
				311E58C32208FC8D00F48140 /* ProductPresentingDouble.swift in Sources */,
				3129435B2203B2D100AEE95E /* AppDelegateDouble.swift in Sources */,
				315E28C62203C39C00C3BA19 /* AppDelegateSpec.swift in Sources */,
				311E58C12208FA3B00F48140 /* ProductViewControllerCreatingDouble.swift in Sources */,
				315E28E8220479A600C3BA19 /* UIView+TestHelpers.swift in Sources */,
				311E58BF2208F82C00F48140 /* ProductDismisserSpec.swift in Sources */,
				311E58C52208FDA700F48140 /* ProductDismissingDouble.swift in Sources */,
				311E58AD2208EB1500F48140 /* ProductViewSpec.swift in Sources */,
				315E28E2220476AB00C3BA19 /* DealsViewControllerSpec.swift in Sources */,
				315E28E02204751F00C3BA19 /* DealsViewControllerCreatingDouble.swift in Sources */,
				315E28EA22047FE900C3BA19 /* ProductCardViewSpec.swift in Sources */,
				315E29062204C39000C3BA19 /* GradientViewSpec.swift in Sources */,
				315E290C2204C7A200C3BA19 /* SketchShadowSpec.swift in Sources */,
				311E58BD2208F82100F48140 /* ProductPresenterSpec.swift in Sources */,
				315E28C82203C58900C3BA19 /* ScrollPageControllerSpec.swift in Sources */,
				315E28F62204B07F00C3BA19 /* TabBarViewSpec.swift in Sources */,
				315E28D0220469F200C3BA19 /* ProductCardViewControllerSpec.swift in Sources */,
				311E58AF2208EB4300F48140 /* ProductViewControllerSpec.swift in Sources */,
				315E28E62204791E00C3BA19 /* NotNilExpectation.swift in Sources */,
				311E58DA220A345F00F48140 /* ProductSpecsViewControllerSpec.swift in Sources */,
				315E29092204C69000C3BA19 /* RoundButtonSpec.swift in Sources */,
			);
			runOnlyForDeploymentPostprocessing = 0;
		};
		314429FE2200F99E00C8BEBE /* Sources */ = {
			isa = PBXSourcesBuildPhase;
			buildActionMask = 2147483647;
			files = (
				317F88ED2201D49700EA6D43 /* main.swift in Sources */,
				312943642203BFA000AEE95E /* RegisterFonts.swift in Sources */,
			);
			runOnlyForDeploymentPostprocessing = 0;
		};
/* End PBXSourcesBuildPhase section */

/* Begin PBXTargetDependency section */
		312943062203AC0200AEE95E /* PBXTargetDependency */ = {
			isa = PBXTargetDependency;
			target = 312942FA2203AC0100AEE95E /* EcommerceDemo */;
			targetProxy = 312943052203AC0200AEE95E /* PBXContainerItemProxy */;
		};
		312943082203AC0200AEE95E /* PBXTargetDependency */ = {
			isa = PBXTargetDependency;
			target = 31442A012200F99E00C8BEBE /* DemoApp */;
			targetProxy = 312943072203AC0200AEE95E /* PBXContainerItemProxy */;
		};
		3129430F2203AC0200AEE95E /* PBXTargetDependency */ = {
			isa = PBXTargetDependency;
			target = 312942FA2203AC0100AEE95E /* EcommerceDemo */;
			targetProxy = 3129430E2203AC0200AEE95E /* PBXContainerItemProxy */;
		};
/* End PBXTargetDependency section */

/* Begin PBXVariantGroup section */
		31442A0E2200F99F00C8BEBE /* LaunchScreen.storyboard */ = {
			isa = PBXVariantGroup;
			children = (
				31442A0F2200F99F00C8BEBE /* Base */,
			);
			name = LaunchScreen.storyboard;
			sourceTree = "<group>";
		};
/* End PBXVariantGroup section */

/* Begin XCBuildConfiguration section */
		312943132203AC0200AEE95E /* Debug */ = {
			isa = XCBuildConfiguration;
			buildSettings = {
				CLANG_ENABLE_MODULES = YES;
				DEFINES_MODULE = YES;
				DYLIB_COMPATIBILITY_VERSION = 1;
				DYLIB_CURRENT_VERSION = 1;
				DYLIB_INSTALL_NAME_BASE = "@rpath";
				INFOPLIST_FILE = "EcommerceDemo/Supporting Files/Info.plist";
				INSTALL_PATH = "$(LOCAL_LIBRARY_DIR)/Frameworks";
				LD_RUNPATH_SEARCH_PATHS = (
					"$(inherited)",
					"@executable_path/Frameworks",
					"@loader_path/Frameworks",
				);
				PRODUCT_BUNDLE_IDENTIFIER = pl.elpassion.EcommerceDemo;
				PRODUCT_NAME = "$(TARGET_NAME:c99extidentifier)";
				SKIP_INSTALL = YES;
				SWIFT_OPTIMIZATION_LEVEL = "-Onone";
				SWIFT_VERSION = 4.2;
				TARGETED_DEVICE_FAMILY = 1;
			};
			name = Debug;
		};
		312943142203AC0200AEE95E /* Release */ = {
			isa = XCBuildConfiguration;
			buildSettings = {
				CLANG_ENABLE_MODULES = YES;
				DEFINES_MODULE = YES;
				DYLIB_COMPATIBILITY_VERSION = 1;
				DYLIB_CURRENT_VERSION = 1;
				DYLIB_INSTALL_NAME_BASE = "@rpath";
				INFOPLIST_FILE = "EcommerceDemo/Supporting Files/Info.plist";
				INSTALL_PATH = "$(LOCAL_LIBRARY_DIR)/Frameworks";
				LD_RUNPATH_SEARCH_PATHS = (
					"$(inherited)",
					"@executable_path/Frameworks",
					"@loader_path/Frameworks",
				);
				PRODUCT_BUNDLE_IDENTIFIER = pl.elpassion.EcommerceDemo;
				PRODUCT_NAME = "$(TARGET_NAME:c99extidentifier)";
				SKIP_INSTALL = YES;
				SWIFT_VERSION = 4.2;
				TARGETED_DEVICE_FAMILY = 1;
			};
			name = Release;
		};
		312943172203AC0200AEE95E /* Debug */ = {
			isa = XCBuildConfiguration;
			buildSettings = {
				ALWAYS_EMBED_SWIFT_STANDARD_LIBRARIES = YES;
				INFOPLIST_FILE = "EcommerceDemoTests/Supporting Files/Info.plist";
				LD_RUNPATH_SEARCH_PATHS = (
					"$(inherited)",
					"@executable_path/Frameworks",
					"@loader_path/Frameworks",
				);
				PRODUCT_BUNDLE_IDENTIFIER = pl.elpassion.EcommerceDemoTests;
				PRODUCT_NAME = "$(TARGET_NAME)";
				SWIFT_VERSION = 4.2;
				SYSTEM_FRAMEWORK_SEARCH_PATHS = (
					"$(inherited)",
					"$(PROJECT_DIR)/Carthage/Build/iOS",
				);
				TARGETED_DEVICE_FAMILY = 1;
				TEST_HOST = "$(BUILT_PRODUCTS_DIR)/DemoApp.app/DemoApp";
			};
			name = Debug;
		};
		312943182203AC0200AEE95E /* Release */ = {
			isa = XCBuildConfiguration;
			buildSettings = {
				ALWAYS_EMBED_SWIFT_STANDARD_LIBRARIES = YES;
				INFOPLIST_FILE = "EcommerceDemoTests/Supporting Files/Info.plist";
				LD_RUNPATH_SEARCH_PATHS = (
					"$(inherited)",
					"@executable_path/Frameworks",
					"@loader_path/Frameworks",
				);
				PRODUCT_BUNDLE_IDENTIFIER = pl.elpassion.EcommerceDemoTests;
				PRODUCT_NAME = "$(TARGET_NAME)";
				SWIFT_VERSION = 4.2;
				SYSTEM_FRAMEWORK_SEARCH_PATHS = (
					"$(inherited)",
					"$(PROJECT_DIR)/Carthage/Build/iOS",
				);
				TARGETED_DEVICE_FAMILY = 1;
				TEST_HOST = "$(BUILT_PRODUCTS_DIR)/DemoApp.app/DemoApp";
			};
			name = Release;
		};
		31442A122200F99F00C8BEBE /* Debug */ = {
			isa = XCBuildConfiguration;
			buildSettings = {
				ALWAYS_SEARCH_USER_PATHS = NO;
				CLANG_ANALYZER_NONNULL = YES;
				CLANG_ANALYZER_NUMBER_OBJECT_CONVERSION = YES_AGGRESSIVE;
				CLANG_CXX_LANGUAGE_STANDARD = "gnu++14";
				CLANG_CXX_LIBRARY = "libc++";
				CLANG_ENABLE_MODULES = YES;
				CLANG_ENABLE_OBJC_ARC = YES;
				CLANG_ENABLE_OBJC_WEAK = YES;
				CLANG_WARN_BLOCK_CAPTURE_AUTORELEASING = YES;
				CLANG_WARN_BOOL_CONVERSION = YES;
				CLANG_WARN_COMMA = YES;
				CLANG_WARN_CONSTANT_CONVERSION = YES;
				CLANG_WARN_DEPRECATED_OBJC_IMPLEMENTATIONS = YES;
				CLANG_WARN_DIRECT_OBJC_ISA_USAGE = YES_ERROR;
				CLANG_WARN_DOCUMENTATION_COMMENTS = YES;
				CLANG_WARN_EMPTY_BODY = YES;
				CLANG_WARN_ENUM_CONVERSION = YES;
				CLANG_WARN_INFINITE_RECURSION = YES;
				CLANG_WARN_INT_CONVERSION = YES;
				CLANG_WARN_NON_LITERAL_NULL_CONVERSION = YES;
				CLANG_WARN_OBJC_IMPLICIT_RETAIN_SELF = YES;
				CLANG_WARN_OBJC_LITERAL_CONVERSION = YES;
				CLANG_WARN_OBJC_ROOT_CLASS = YES_ERROR;
				CLANG_WARN_RANGE_LOOP_ANALYSIS = YES;
				CLANG_WARN_STRICT_PROTOTYPES = YES;
				CLANG_WARN_SUSPICIOUS_MOVE = YES;
				CLANG_WARN_UNGUARDED_AVAILABILITY = YES_AGGRESSIVE;
				CLANG_WARN_UNREACHABLE_CODE = YES;
				CLANG_WARN__DUPLICATE_METHOD_MATCH = YES;
				CODE_SIGN_IDENTITY = "iPhone Developer";
				CODE_SIGN_STYLE = Manual;
				COPY_PHASE_STRIP = NO;
				DEBUG_INFORMATION_FORMAT = dwarf;
				ENABLE_STRICT_OBJC_MSGSEND = YES;
				ENABLE_TESTABILITY = YES;
				GCC_C_LANGUAGE_STANDARD = gnu11;
				GCC_DYNAMIC_NO_PIC = NO;
				GCC_NO_COMMON_BLOCKS = YES;
				GCC_OPTIMIZATION_LEVEL = 0;
				GCC_PREPROCESSOR_DEFINITIONS = (
					"DEBUG=1",
					"$(inherited)",
				);
				GCC_WARN_64_TO_32_BIT_CONVERSION = YES;
				GCC_WARN_ABOUT_RETURN_TYPE = YES_ERROR;
				GCC_WARN_UNDECLARED_SELECTOR = YES;
				GCC_WARN_UNINITIALIZED_AUTOS = YES_AGGRESSIVE;
				GCC_WARN_UNUSED_FUNCTION = YES;
				GCC_WARN_UNUSED_VARIABLE = YES;
				IPHONEOS_DEPLOYMENT_TARGET = 12.1;
				MTL_ENABLE_DEBUG_INFO = INCLUDE_SOURCE;
				MTL_FAST_MATH = YES;
				ONLY_ACTIVE_ARCH = YES;
				SDKROOT = iphoneos;
				SWIFT_ACTIVE_COMPILATION_CONDITIONS = DEBUG;
				SWIFT_OPTIMIZATION_LEVEL = "-Onone";
			};
			name = Debug;
		};
		31442A132200F99F00C8BEBE /* Release */ = {
			isa = XCBuildConfiguration;
			buildSettings = {
				ALWAYS_SEARCH_USER_PATHS = NO;
				CLANG_ANALYZER_NONNULL = YES;
				CLANG_ANALYZER_NUMBER_OBJECT_CONVERSION = YES_AGGRESSIVE;
				CLANG_CXX_LANGUAGE_STANDARD = "gnu++14";
				CLANG_CXX_LIBRARY = "libc++";
				CLANG_ENABLE_MODULES = YES;
				CLANG_ENABLE_OBJC_ARC = YES;
				CLANG_ENABLE_OBJC_WEAK = YES;
				CLANG_WARN_BLOCK_CAPTURE_AUTORELEASING = YES;
				CLANG_WARN_BOOL_CONVERSION = YES;
				CLANG_WARN_COMMA = YES;
				CLANG_WARN_CONSTANT_CONVERSION = YES;
				CLANG_WARN_DEPRECATED_OBJC_IMPLEMENTATIONS = YES;
				CLANG_WARN_DIRECT_OBJC_ISA_USAGE = YES_ERROR;
				CLANG_WARN_DOCUMENTATION_COMMENTS = YES;
				CLANG_WARN_EMPTY_BODY = YES;
				CLANG_WARN_ENUM_CONVERSION = YES;
				CLANG_WARN_INFINITE_RECURSION = YES;
				CLANG_WARN_INT_CONVERSION = YES;
				CLANG_WARN_NON_LITERAL_NULL_CONVERSION = YES;
				CLANG_WARN_OBJC_IMPLICIT_RETAIN_SELF = YES;
				CLANG_WARN_OBJC_LITERAL_CONVERSION = YES;
				CLANG_WARN_OBJC_ROOT_CLASS = YES_ERROR;
				CLANG_WARN_RANGE_LOOP_ANALYSIS = YES;
				CLANG_WARN_STRICT_PROTOTYPES = YES;
				CLANG_WARN_SUSPICIOUS_MOVE = YES;
				CLANG_WARN_UNGUARDED_AVAILABILITY = YES_AGGRESSIVE;
				CLANG_WARN_UNREACHABLE_CODE = YES;
				CLANG_WARN__DUPLICATE_METHOD_MATCH = YES;
				CODE_SIGN_IDENTITY = "iPhone Developer";
				CODE_SIGN_STYLE = Manual;
				COPY_PHASE_STRIP = NO;
				DEBUG_INFORMATION_FORMAT = "dwarf-with-dsym";
				ENABLE_NS_ASSERTIONS = NO;
				ENABLE_STRICT_OBJC_MSGSEND = YES;
				GCC_C_LANGUAGE_STANDARD = gnu11;
				GCC_NO_COMMON_BLOCKS = YES;
				GCC_WARN_64_TO_32_BIT_CONVERSION = YES;
				GCC_WARN_ABOUT_RETURN_TYPE = YES_ERROR;
				GCC_WARN_UNDECLARED_SELECTOR = YES;
				GCC_WARN_UNINITIALIZED_AUTOS = YES_AGGRESSIVE;
				GCC_WARN_UNUSED_FUNCTION = YES;
				GCC_WARN_UNUSED_VARIABLE = YES;
				IPHONEOS_DEPLOYMENT_TARGET = 12.1;
				MTL_ENABLE_DEBUG_INFO = NO;
				MTL_FAST_MATH = YES;
				SDKROOT = iphoneos;
				SWIFT_COMPILATION_MODE = wholemodule;
				SWIFT_OPTIMIZATION_LEVEL = "-O";
				VALIDATE_PRODUCT = YES;
			};
			name = Release;
		};
		31442A152200F99F00C8BEBE /* Debug */ = {
			isa = XCBuildConfiguration;
			buildSettings = {
				ALWAYS_EMBED_SWIFT_STANDARD_LIBRARIES = YES;
				ASSETCATALOG_COMPILER_APPICON_NAME = AppIcon;
				INFOPLIST_FILE = DemoApp/Resources/Info.plist;
				LD_RUNPATH_SEARCH_PATHS = (
					"$(inherited)",
					"@executable_path/Frameworks",
				);
				PRODUCT_BUNDLE_IDENTIFIER = pl.elpassion.DemoApp;
				PRODUCT_NAME = "$(TARGET_NAME)";
				SWIFT_VERSION = 4.2;
				TARGETED_DEVICE_FAMILY = 1;
			};
			name = Debug;
		};
		31442A162200F99F00C8BEBE /* Release */ = {
			isa = XCBuildConfiguration;
			buildSettings = {
				ALWAYS_EMBED_SWIFT_STANDARD_LIBRARIES = YES;
				ASSETCATALOG_COMPILER_APPICON_NAME = AppIcon;
				INFOPLIST_FILE = DemoApp/Resources/Info.plist;
				LD_RUNPATH_SEARCH_PATHS = (
					"$(inherited)",
					"@executable_path/Frameworks",
				);
				PRODUCT_BUNDLE_IDENTIFIER = pl.elpassion.DemoApp;
				PRODUCT_NAME = "$(TARGET_NAME)";
				SWIFT_VERSION = 4.2;
				TARGETED_DEVICE_FAMILY = 1;
			};
			name = Release;
		};
/* End XCBuildConfiguration section */

/* Begin XCConfigurationList section */
		312943122203AC0200AEE95E /* Build configuration list for PBXNativeTarget "EcommerceDemo" */ = {
			isa = XCConfigurationList;
			buildConfigurations = (
				312943132203AC0200AEE95E /* Debug */,
				312943142203AC0200AEE95E /* Release */,
			);
			defaultConfigurationIsVisible = 0;
			defaultConfigurationName = Release;
		};
		312943162203AC0200AEE95E /* Build configuration list for PBXNativeTarget "EcommerceDemoTests" */ = {
			isa = XCConfigurationList;
			buildConfigurations = (
				312943172203AC0200AEE95E /* Debug */,
				312943182203AC0200AEE95E /* Release */,
			);
			defaultConfigurationIsVisible = 0;
			defaultConfigurationName = Release;
		};
		314429FD2200F99E00C8BEBE /* Build configuration list for PBXProject "Demo" */ = {
			isa = XCConfigurationList;
			buildConfigurations = (
				31442A122200F99F00C8BEBE /* Debug */,
				31442A132200F99F00C8BEBE /* Release */,
			);
			defaultConfigurationIsVisible = 0;
			defaultConfigurationName = Release;
		};
		31442A142200F99F00C8BEBE /* Build configuration list for PBXNativeTarget "DemoApp" */ = {
			isa = XCConfigurationList;
			buildConfigurations = (
				31442A152200F99F00C8BEBE /* Debug */,
				31442A162200F99F00C8BEBE /* Release */,
			);
			defaultConfigurationIsVisible = 0;
			defaultConfigurationName = Release;
		};
/* End XCConfigurationList section */
	};
	rootObject = 314429FA2200F99E00C8BEBE /* Project object */;
}
