// !$*UTF8*$!
{
	archiveVersion = 1;
	classes = {
	};
	objectVersion = 50;
	objects = {

/* Begin PBXBuildFile section */
		31442A062200F99E00C8BEBE /* AppDelegate.swift in Sources */ = {isa = PBXBuildFile; fileRef = 31442A052200F99E00C8BEBE /* AppDelegate.swift */; };
		31442A082200F99E00C8BEBE /* DealsViewController.swift in Sources */ = {isa = PBXBuildFile; fileRef = 31442A072200F99E00C8BEBE /* DealsViewController.swift */; };
		31442A0D2200F99F00C8BEBE /* Assets.xcassets in Resources */ = {isa = PBXBuildFile; fileRef = 31442A0C2200F99F00C8BEBE /* Assets.xcassets */; };
		31442A102200F99F00C8BEBE /* LaunchScreen.storyboard in Resources */ = {isa = PBXBuildFile; fileRef = 31442A0E2200F99F00C8BEBE /* LaunchScreen.storyboard */; };
		317F88E12201D18400EA6D43 /* DemoAppTests.swift in Sources */ = {isa = PBXBuildFile; fileRef = 317F88E02201D18400EA6D43 /* DemoAppTests.swift */; };
		318FA1B72201016D00947C40 /* DealsView.swift in Sources */ = {isa = PBXBuildFile; fileRef = 318FA1B62201016D00947C40 /* DealsView.swift */; };
		318FA1BC220103BF00947C40 /* UIColor+Assets.swift in Sources */ = {isa = PBXBuildFile; fileRef = 318FA1BB220103BF00947C40 /* UIColor+Assets.swift */; };
		318FA1BE2201066800947C40 /* UIFont+Assets.swift in Sources */ = {isa = PBXBuildFile; fileRef = 318FA1BD2201066800947C40 /* UIFont+Assets.swift */; };
		318FA1C02201070000947C40 /* VarelaRound-Regular.ttf in Resources */ = {isa = PBXBuildFile; fileRef = 318FA1BF2201070000947C40 /* VarelaRound-Regular.ttf */; };
		318FA1C3220110B800947C40 /* FuncUtils.swift in Sources */ = {isa = PBXBuildFile; fileRef = 318FA1C2220110B800947C40 /* FuncUtils.swift */; };
		318FA1C52201160D00947C40 /* UILabel+Style.swift in Sources */ = {isa = PBXBuildFile; fileRef = 318FA1C42201160D00947C40 /* UILabel+Style.swift */; };
		318FA1C72201435800947C40 /* ProductCardView.swift in Sources */ = {isa = PBXBuildFile; fileRef = 318FA1C62201435800947C40 /* ProductCardView.swift */; };
/* End PBXBuildFile section */

/* Begin PBXContainerItemProxy section */
		317F88E32201D18400EA6D43 /* PBXContainerItemProxy */ = {
			isa = PBXContainerItemProxy;
			containerPortal = 314429FA2200F99E00C8BEBE /* Project object */;
			proxyType = 1;
			remoteGlobalIDString = 31442A012200F99E00C8BEBE;
			remoteInfo = DemoApp;
		};
/* End PBXContainerItemProxy section */

/* Begin PBXFileReference section */
		31442A022200F99E00C8BEBE /* DemoApp.app */ = {isa = PBXFileReference; explicitFileType = wrapper.application; includeInIndex = 0; path = DemoApp.app; sourceTree = BUILT_PRODUCTS_DIR; };
		31442A052200F99E00C8BEBE /* AppDelegate.swift */ = {isa = PBXFileReference; lastKnownFileType = sourcecode.swift; path = AppDelegate.swift; sourceTree = "<group>"; };
		31442A072200F99E00C8BEBE /* DealsViewController.swift */ = {isa = PBXFileReference; lastKnownFileType = sourcecode.swift; path = DealsViewController.swift; sourceTree = "<group>"; };
		31442A0C2200F99F00C8BEBE /* Assets.xcassets */ = {isa = PBXFileReference; lastKnownFileType = folder.assetcatalog; path = Assets.xcassets; sourceTree = "<group>"; };
		31442A0F2200F99F00C8BEBE /* Base */ = {isa = PBXFileReference; lastKnownFileType = file.storyboard; name = Base; path = Base.lproj/LaunchScreen.storyboard; sourceTree = "<group>"; };
		31442A112200F99F00C8BEBE /* Info.plist */ = {isa = PBXFileReference; lastKnownFileType = text.plist.xml; path = Info.plist; sourceTree = "<group>"; };
		317F88DE2201D18300EA6D43 /* DemoAppTests.xctest */ = {isa = PBXFileReference; explicitFileType = wrapper.cfbundle; includeInIndex = 0; path = DemoAppTests.xctest; sourceTree = BUILT_PRODUCTS_DIR; };
		317F88E02201D18400EA6D43 /* DemoAppTests.swift */ = {isa = PBXFileReference; lastKnownFileType = sourcecode.swift; path = DemoAppTests.swift; sourceTree = "<group>"; };
		317F88E22201D18400EA6D43 /* Info.plist */ = {isa = PBXFileReference; lastKnownFileType = text.plist.xml; path = Info.plist; sourceTree = "<group>"; };
		318FA1B62201016D00947C40 /* DealsView.swift */ = {isa = PBXFileReference; lastKnownFileType = sourcecode.swift; path = DealsView.swift; sourceTree = "<group>"; };
		318FA1BB220103BF00947C40 /* UIColor+Assets.swift */ = {isa = PBXFileReference; lastKnownFileType = sourcecode.swift; path = "UIColor+Assets.swift"; sourceTree = "<group>"; };
		318FA1BD2201066800947C40 /* UIFont+Assets.swift */ = {isa = PBXFileReference; lastKnownFileType = sourcecode.swift; path = "UIFont+Assets.swift"; sourceTree = "<group>"; };
		318FA1BF2201070000947C40 /* VarelaRound-Regular.ttf */ = {isa = PBXFileReference; lastKnownFileType = file; path = "VarelaRound-Regular.ttf"; sourceTree = "<group>"; };
		318FA1C2220110B800947C40 /* FuncUtils.swift */ = {isa = PBXFileReference; lastKnownFileType = sourcecode.swift; path = FuncUtils.swift; sourceTree = "<group>"; };
		318FA1C42201160D00947C40 /* UILabel+Style.swift */ = {isa = PBXFileReference; lastKnownFileType = sourcecode.swift; path = "UILabel+Style.swift"; sourceTree = "<group>"; };
		318FA1C62201435800947C40 /* ProductCardView.swift */ = {isa = PBXFileReference; lastKnownFileType = sourcecode.swift; path = ProductCardView.swift; sourceTree = "<group>"; };
/* End PBXFileReference section */

/* Begin PBXFrameworksBuildPhase section */
		314429FF2200F99E00C8BEBE /* Frameworks */ = {
			isa = PBXFrameworksBuildPhase;
			buildActionMask = 2147483647;
			files = (
			);
			runOnlyForDeploymentPostprocessing = 0;
		};
		317F88DB2201D18300EA6D43 /* Frameworks */ = {
			isa = PBXFrameworksBuildPhase;
			buildActionMask = 2147483647;
			files = (
			);
			runOnlyForDeploymentPostprocessing = 0;
		};
/* End PBXFrameworksBuildPhase section */

/* Begin PBXGroup section */
		314429F92200F99E00C8BEBE = {
			isa = PBXGroup;
			children = (
				31442A042200F99E00C8BEBE /* DemoApp */,
				317F88DF2201D18400EA6D43 /* DemoAppTests */,
				31442A032200F99E00C8BEBE /* Products */,
			);
			sourceTree = "<group>";
		};
		31442A032200F99E00C8BEBE /* Products */ = {
			isa = PBXGroup;
			children = (
				31442A022200F99E00C8BEBE /* DemoApp.app */,
				317F88DE2201D18300EA6D43 /* DemoAppTests.xctest */,
			);
			name = Products;
			sourceTree = "<group>";
		};
		31442A042200F99E00C8BEBE /* DemoApp */ = {
			isa = PBXGroup;
			children = (
				3188DD3D2200FB1600E33866 /* Application */,
				318FA1B52201013400947C40 /* Deals */,
				318FA1C1220110AC00947C40 /* Helpers */,
				3188DD3E2200FB2900E33866 /* Resources */,
			);
			path = DemoApp;
			sourceTree = "<group>";
		};
		317F88DF2201D18400EA6D43 /* DemoAppTests */ = {
			isa = PBXGroup;
			children = (
				317F88E02201D18400EA6D43 /* DemoAppTests.swift */,
				317F88E82201D20D00EA6D43 /* Resources */,
			);
			path = DemoAppTests;
			sourceTree = "<group>";
		};
		317F88E82201D20D00EA6D43 /* Resources */ = {
			isa = PBXGroup;
			children = (
				317F88E22201D18400EA6D43 /* Info.plist */,
			);
			path = Resources;
			sourceTree = "<group>";
		};
		3188DD3D2200FB1600E33866 /* Application */ = {
			isa = PBXGroup;
			children = (
				31442A052200F99E00C8BEBE /* AppDelegate.swift */,
			);
			path = Application;
			sourceTree = "<group>";
		};
		3188DD3E2200FB2900E33866 /* Resources */ = {
			isa = PBXGroup;
			children = (
				31442A0C2200F99F00C8BEBE /* Assets.xcassets */,
				31442A112200F99F00C8BEBE /* Info.plist */,
				31442A0E2200F99F00C8BEBE /* LaunchScreen.storyboard */,
				318FA1BB220103BF00947C40 /* UIColor+Assets.swift */,
				318FA1BD2201066800947C40 /* UIFont+Assets.swift */,
				318FA1BF2201070000947C40 /* VarelaRound-Regular.ttf */,
			);
			path = Resources;
			sourceTree = "<group>";
		};
		318FA1B52201013400947C40 /* Deals */ = {
			isa = PBXGroup;
			children = (
				318FA1B62201016D00947C40 /* DealsView.swift */,
				31442A072200F99E00C8BEBE /* DealsViewController.swift */,
				318FA1C62201435800947C40 /* ProductCardView.swift */,
			);
			path = Deals;
			sourceTree = "<group>";
		};
		318FA1C1220110AC00947C40 /* Helpers */ = {
			isa = PBXGroup;
			children = (
				318FA1C2220110B800947C40 /* FuncUtils.swift */,
				318FA1C42201160D00947C40 /* UILabel+Style.swift */,
			);
			path = Helpers;
			sourceTree = "<group>";
		};
/* End PBXGroup section */

/* Begin PBXNativeTarget section */
		31442A012200F99E00C8BEBE /* DemoApp */ = {
			isa = PBXNativeTarget;
			buildConfigurationList = 31442A142200F99F00C8BEBE /* Build configuration list for PBXNativeTarget "DemoApp" */;
			buildPhases = (
				318FA1B42200FCD500947C40 /* Run SwiftLint */,
				314429FE2200F99E00C8BEBE /* Sources */,
				314429FF2200F99E00C8BEBE /* Frameworks */,
				31442A002200F99E00C8BEBE /* Resources */,
			);
			buildRules = (
			);
			dependencies = (
			);
			name = DemoApp;
			productName = DemoApp;
			productReference = 31442A022200F99E00C8BEBE /* DemoApp.app */;
			productType = "com.apple.product-type.application";
		};
		317F88DD2201D18300EA6D43 /* DemoAppTests */ = {
			isa = PBXNativeTarget;
			buildConfigurationList = 317F88E72201D18400EA6D43 /* Build configuration list for PBXNativeTarget "DemoAppTests" */;
			buildPhases = (
				317F88E92201D29D00EA6D43 /* Run SwiftLint */,
				317F88DA2201D18300EA6D43 /* Sources */,
				317F88DB2201D18300EA6D43 /* Frameworks */,
				317F88DC2201D18300EA6D43 /* Resources */,
			);
			buildRules = (
			);
			dependencies = (
				317F88E42201D18400EA6D43 /* PBXTargetDependency */,
			);
			name = DemoAppTests;
			productName = DemoAppTests;
			productReference = 317F88DE2201D18300EA6D43 /* DemoAppTests.xctest */;
			productType = "com.apple.product-type.bundle.unit-test";
		};
/* End PBXNativeTarget section */

/* Begin PBXProject section */
		314429FA2200F99E00C8BEBE /* Project object */ = {
			isa = PBXProject;
			attributes = {
				LastSwiftUpdateCheck = 1010;
				LastUpgradeCheck = 1010;
				ORGANIZATIONNAME = Darrarski;
				TargetAttributes = {
					31442A012200F99E00C8BEBE = {
						CreatedOnToolsVersion = 10.1;
					};
					317F88DD2201D18300EA6D43 = {
						CreatedOnToolsVersion = 10.1;
						TestTargetID = 31442A012200F99E00C8BEBE;
					};
				};
			};
			buildConfigurationList = 314429FD2200F99E00C8BEBE /* Build configuration list for PBXProject "Demo" */;
			compatibilityVersion = "Xcode 9.3";
			developmentRegion = en;
			hasScannedForEncodings = 0;
			knownRegions = (
				en,
				Base,
			);
			mainGroup = 314429F92200F99E00C8BEBE;
			productRefGroup = 31442A032200F99E00C8BEBE /* Products */;
			projectDirPath = "";
			projectRoot = "";
			targets = (
				31442A012200F99E00C8BEBE /* DemoApp */,
				317F88DD2201D18300EA6D43 /* DemoAppTests */,
			);
		};
/* End PBXProject section */

/* Begin PBXResourcesBuildPhase section */
		31442A002200F99E00C8BEBE /* Resources */ = {
			isa = PBXResourcesBuildPhase;
			buildActionMask = 2147483647;
			files = (
				31442A102200F99F00C8BEBE /* LaunchScreen.storyboard in Resources */,
				31442A0D2200F99F00C8BEBE /* Assets.xcassets in Resources */,
				318FA1C02201070000947C40 /* VarelaRound-Regular.ttf in Resources */,
			);
			runOnlyForDeploymentPostprocessing = 0;
		};
		317F88DC2201D18300EA6D43 /* Resources */ = {
			isa = PBXResourcesBuildPhase;
			buildActionMask = 2147483647;
			files = (
			);
			runOnlyForDeploymentPostprocessing = 0;
		};
/* End PBXResourcesBuildPhase section */

/* Begin PBXShellScriptBuildPhase section */
		317F88E92201D29D00EA6D43 /* Run SwiftLint */ = {
			isa = PBXShellScriptBuildPhase;
			buildActionMask = 2147483647;
			files = (
			);
			inputFileListPaths = (
			);
			inputPaths = (
			);
			name = "Run SwiftLint";
			outputFileListPaths = (
			);
			outputPaths = (
			);
			runOnlyForDeploymentPostprocessing = 0;
			shellPath = /bin/sh;
			shellScript = "set -e\n\nif ! which swiftlint > /dev/null; then\n  echo \"error: SwiftLint is not installed. Visit http://github.com/realm/SwiftLint to learn more.\"\n  exit 1\nfi\n\ncd $PRODUCT_NAME\nswiftlint\n";
		};
		318FA1B42200FCD500947C40 /* Run SwiftLint */ = {
			isa = PBXShellScriptBuildPhase;
			buildActionMask = 2147483647;
			files = (
			);
			inputFileListPaths = (
			);
			inputPaths = (
			);
			name = "Run SwiftLint";
			outputFileListPaths = (
			);
			outputPaths = (
			);
			runOnlyForDeploymentPostprocessing = 0;
			shellPath = /bin/sh;
			shellScript = "set -e\n\nif ! which swiftlint > /dev/null; then\n  echo \"error: SwiftLint is not installed. Visit http://github.com/realm/SwiftLint to learn more.\"\n  exit 1\nfi\n\ncd $PRODUCT_NAME\nswiftlint\n";
		};
/* End PBXShellScriptBuildPhase section */

/* Begin PBXSourcesBuildPhase section */
		314429FE2200F99E00C8BEBE /* Sources */ = {
			isa = PBXSourcesBuildPhase;
			buildActionMask = 2147483647;
			files = (
				31442A082200F99E00C8BEBE /* DealsViewController.swift in Sources */,
				318FA1C52201160D00947C40 /* UILabel+Style.swift in Sources */,
				318FA1BE2201066800947C40 /* UIFont+Assets.swift in Sources */,
				318FA1B72201016D00947C40 /* DealsView.swift in Sources */,
				31442A062200F99E00C8BEBE /* AppDelegate.swift in Sources */,
				318FA1BC220103BF00947C40 /* UIColor+Assets.swift in Sources */,
				318FA1C72201435800947C40 /* ProductCardView.swift in Sources */,
				318FA1C3220110B800947C40 /* FuncUtils.swift in Sources */,
			);
			runOnlyForDeploymentPostprocessing = 0;
		};
		317F88DA2201D18300EA6D43 /* Sources */ = {
			isa = PBXSourcesBuildPhase;
			buildActionMask = 2147483647;
			files = (
				317F88E12201D18400EA6D43 /* DemoAppTests.swift in Sources */,
			);
			runOnlyForDeploymentPostprocessing = 0;
		};
/* End PBXSourcesBuildPhase section */

/* Begin PBXTargetDependency section */
		317F88E42201D18400EA6D43 /* PBXTargetDependency */ = {
			isa = PBXTargetDependency;
			target = 31442A012200F99E00C8BEBE /* DemoApp */;
			targetProxy = 317F88E32201D18400EA6D43 /* PBXContainerItemProxy */;
		};
/* End PBXTargetDependency section */

/* Begin PBXVariantGroup section */
		31442A0E2200F99F00C8BEBE /* LaunchScreen.storyboard */ = {
			isa = PBXVariantGroup;
			children = (
				31442A0F2200F99F00C8BEBE /* Base */,
			);
			name = LaunchScreen.storyboard;
			sourceTree = "<group>";
		};
/* End PBXVariantGroup section */

/* Begin XCBuildConfiguration section */
		31442A122200F99F00C8BEBE /* Debug */ = {
			isa = XCBuildConfiguration;
			buildSettings = {
				ALWAYS_SEARCH_USER_PATHS = NO;
				CLANG_ANALYZER_NONNULL = YES;
				CLANG_ANALYZER_NUMBER_OBJECT_CONVERSION = YES_AGGRESSIVE;
				CLANG_CXX_LANGUAGE_STANDARD = "gnu++14";
				CLANG_CXX_LIBRARY = "libc++";
				CLANG_ENABLE_MODULES = YES;
				CLANG_ENABLE_OBJC_ARC = YES;
				CLANG_ENABLE_OBJC_WEAK = YES;
				CLANG_WARN_BLOCK_CAPTURE_AUTORELEASING = YES;
				CLANG_WARN_BOOL_CONVERSION = YES;
				CLANG_WARN_COMMA = YES;
				CLANG_WARN_CONSTANT_CONVERSION = YES;
				CLANG_WARN_DEPRECATED_OBJC_IMPLEMENTATIONS = YES;
				CLANG_WARN_DIRECT_OBJC_ISA_USAGE = YES_ERROR;
				CLANG_WARN_DOCUMENTATION_COMMENTS = YES;
				CLANG_WARN_EMPTY_BODY = YES;
				CLANG_WARN_ENUM_CONVERSION = YES;
				CLANG_WARN_INFINITE_RECURSION = YES;
				CLANG_WARN_INT_CONVERSION = YES;
				CLANG_WARN_NON_LITERAL_NULL_CONVERSION = YES;
				CLANG_WARN_OBJC_IMPLICIT_RETAIN_SELF = YES;
				CLANG_WARN_OBJC_LITERAL_CONVERSION = YES;
				CLANG_WARN_OBJC_ROOT_CLASS = YES_ERROR;
				CLANG_WARN_RANGE_LOOP_ANALYSIS = YES;
				CLANG_WARN_STRICT_PROTOTYPES = YES;
				CLANG_WARN_SUSPICIOUS_MOVE = YES;
				CLANG_WARN_UNGUARDED_AVAILABILITY = YES_AGGRESSIVE;
				CLANG_WARN_UNREACHABLE_CODE = YES;
				CLANG_WARN__DUPLICATE_METHOD_MATCH = YES;
				CODE_SIGN_IDENTITY = "iPhone Developer";
				CODE_SIGN_STYLE = Manual;
				COPY_PHASE_STRIP = NO;
				DEBUG_INFORMATION_FORMAT = dwarf;
				ENABLE_STRICT_OBJC_MSGSEND = YES;
				ENABLE_TESTABILITY = YES;
				GCC_C_LANGUAGE_STANDARD = gnu11;
				GCC_DYNAMIC_NO_PIC = NO;
				GCC_NO_COMMON_BLOCKS = YES;
				GCC_OPTIMIZATION_LEVEL = 0;
				GCC_PREPROCESSOR_DEFINITIONS = (
					"DEBUG=1",
					"$(inherited)",
				);
				GCC_WARN_64_TO_32_BIT_CONVERSION = YES;
				GCC_WARN_ABOUT_RETURN_TYPE = YES_ERROR;
				GCC_WARN_UNDECLARED_SELECTOR = YES;
				GCC_WARN_UNINITIALIZED_AUTOS = YES_AGGRESSIVE;
				GCC_WARN_UNUSED_FUNCTION = YES;
				GCC_WARN_UNUSED_VARIABLE = YES;
				IPHONEOS_DEPLOYMENT_TARGET = 12.1;
				MTL_ENABLE_DEBUG_INFO = INCLUDE_SOURCE;
				MTL_FAST_MATH = YES;
				ONLY_ACTIVE_ARCH = YES;
				SDKROOT = iphoneos;
				SWIFT_ACTIVE_COMPILATION_CONDITIONS = DEBUG;
				SWIFT_OPTIMIZATION_LEVEL = "-Onone";
			};
			name = Debug;
		};
		31442A132200F99F00C8BEBE /* Release */ = {
			isa = XCBuildConfiguration;
			buildSettings = {
				ALWAYS_SEARCH_USER_PATHS = NO;
				CLANG_ANALYZER_NONNULL = YES;
				CLANG_ANALYZER_NUMBER_OBJECT_CONVERSION = YES_AGGRESSIVE;
				CLANG_CXX_LANGUAGE_STANDARD = "gnu++14";
				CLANG_CXX_LIBRARY = "libc++";
				CLANG_ENABLE_MODULES = YES;
				CLANG_ENABLE_OBJC_ARC = YES;
				CLANG_ENABLE_OBJC_WEAK = YES;
				CLANG_WARN_BLOCK_CAPTURE_AUTORELEASING = YES;
				CLANG_WARN_BOOL_CONVERSION = YES;
				CLANG_WARN_COMMA = YES;
				CLANG_WARN_CONSTANT_CONVERSION = YES;
				CLANG_WARN_DEPRECATED_OBJC_IMPLEMENTATIONS = YES;
				CLANG_WARN_DIRECT_OBJC_ISA_USAGE = YES_ERROR;
				CLANG_WARN_DOCUMENTATION_COMMENTS = YES;
				CLANG_WARN_EMPTY_BODY = YES;
				CLANG_WARN_ENUM_CONVERSION = YES;
				CLANG_WARN_INFINITE_RECURSION = YES;
				CLANG_WARN_INT_CONVERSION = YES;
				CLANG_WARN_NON_LITERAL_NULL_CONVERSION = YES;
				CLANG_WARN_OBJC_IMPLICIT_RETAIN_SELF = YES;
				CLANG_WARN_OBJC_LITERAL_CONVERSION = YES;
				CLANG_WARN_OBJC_ROOT_CLASS = YES_ERROR;
				CLANG_WARN_RANGE_LOOP_ANALYSIS = YES;
				CLANG_WARN_STRICT_PROTOTYPES = YES;
				CLANG_WARN_SUSPICIOUS_MOVE = YES;
				CLANG_WARN_UNGUARDED_AVAILABILITY = YES_AGGRESSIVE;
				CLANG_WARN_UNREACHABLE_CODE = YES;
				CLANG_WARN__DUPLICATE_METHOD_MATCH = YES;
				CODE_SIGN_IDENTITY = "iPhone Developer";
				CODE_SIGN_STYLE = Manual;
				COPY_PHASE_STRIP = NO;
				DEBUG_INFORMATION_FORMAT = "dwarf-with-dsym";
				ENABLE_NS_ASSERTIONS = NO;
				ENABLE_STRICT_OBJC_MSGSEND = YES;
				GCC_C_LANGUAGE_STANDARD = gnu11;
				GCC_NO_COMMON_BLOCKS = YES;
				GCC_WARN_64_TO_32_BIT_CONVERSION = YES;
				GCC_WARN_ABOUT_RETURN_TYPE = YES_ERROR;
				GCC_WARN_UNDECLARED_SELECTOR = YES;
				GCC_WARN_UNINITIALIZED_AUTOS = YES_AGGRESSIVE;
				GCC_WARN_UNUSED_FUNCTION = YES;
				GCC_WARN_UNUSED_VARIABLE = YES;
				IPHONEOS_DEPLOYMENT_TARGET = 12.1;
				MTL_ENABLE_DEBUG_INFO = NO;
				MTL_FAST_MATH = YES;
				SDKROOT = iphoneos;
				SWIFT_COMPILATION_MODE = wholemodule;
				SWIFT_OPTIMIZATION_LEVEL = "-O";
				VALIDATE_PRODUCT = YES;
			};
			name = Release;
		};
		31442A152200F99F00C8BEBE /* Debug */ = {
			isa = XCBuildConfiguration;
			buildSettings = {
				ASSETCATALOG_COMPILER_APPICON_NAME = AppIcon;
				INFOPLIST_FILE = DemoApp/Resources/Info.plist;
				LD_RUNPATH_SEARCH_PATHS = (
					"$(inherited)",
					"@executable_path/Frameworks",
				);
				PRODUCT_BUNDLE_IDENTIFIER = pl.elpassion.DemoApp;
				PRODUCT_NAME = "$(TARGET_NAME)";
				SWIFT_VERSION = 4.2;
				TARGETED_DEVICE_FAMILY = 1;
			};
			name = Debug;
		};
		31442A162200F99F00C8BEBE /* Release */ = {
			isa = XCBuildConfiguration;
			buildSettings = {
				ASSETCATALOG_COMPILER_APPICON_NAME = AppIcon;
				INFOPLIST_FILE = DemoApp/Resources/Info.plist;
				LD_RUNPATH_SEARCH_PATHS = (
					"$(inherited)",
					"@executable_path/Frameworks",
				);
				PRODUCT_BUNDLE_IDENTIFIER = pl.elpassion.DemoApp;
				PRODUCT_NAME = "$(TARGET_NAME)";
				SWIFT_VERSION = 4.2;
				TARGETED_DEVICE_FAMILY = 1;
			};
			name = Release;
		};
		317F88E52201D18400EA6D43 /* Debug */ = {
			isa = XCBuildConfiguration;
			buildSettings = {
				BUNDLE_LOADER = "$(TEST_HOST)";
				INFOPLIST_FILE = DemoAppTests/Resources/Info.plist;
				LD_RUNPATH_SEARCH_PATHS = (
					"$(inherited)",
					"@executable_path/Frameworks",
					"@loader_path/Frameworks",
				);
				PRODUCT_BUNDLE_IDENTIFIER = pl.elpassion.DemoAppTests;
				PRODUCT_NAME = "$(TARGET_NAME)";
				SWIFT_VERSION = 4.2;
				TARGETED_DEVICE_FAMILY = "1,2";
				TEST_HOST = "$(BUILT_PRODUCTS_DIR)/DemoApp.app/DemoApp";
			};
			name = Debug;
		};
		317F88E62201D18400EA6D43 /* Release */ = {
			isa = XCBuildConfiguration;
			buildSettings = {
				BUNDLE_LOADER = "$(TEST_HOST)";
				INFOPLIST_FILE = DemoAppTests/Resources/Info.plist;
				LD_RUNPATH_SEARCH_PATHS = (
					"$(inherited)",
					"@executable_path/Frameworks",
					"@loader_path/Frameworks",
				);
				PRODUCT_BUNDLE_IDENTIFIER = pl.elpassion.DemoAppTests;
				PRODUCT_NAME = "$(TARGET_NAME)";
				SWIFT_VERSION = 4.2;
				TARGETED_DEVICE_FAMILY = "1,2";
				TEST_HOST = "$(BUILT_PRODUCTS_DIR)/DemoApp.app/DemoApp";
			};
			name = Release;
		};
/* End XCBuildConfiguration section */

/* Begin XCConfigurationList section */
		314429FD2200F99E00C8BEBE /* Build configuration list for PBXProject "Demo" */ = {
			isa = XCConfigurationList;
			buildConfigurations = (
				31442A122200F99F00C8BEBE /* Debug */,
				31442A132200F99F00C8BEBE /* Release */,
			);
			defaultConfigurationIsVisible = 0;
			defaultConfigurationName = Release;
		};
		31442A142200F99F00C8BEBE /* Build configuration list for PBXNativeTarget "DemoApp" */ = {
			isa = XCConfigurationList;
			buildConfigurations = (
				31442A152200F99F00C8BEBE /* Debug */,
				31442A162200F99F00C8BEBE /* Release */,
			);
			defaultConfigurationIsVisible = 0;
			defaultConfigurationName = Release;
		};
		317F88E72201D18400EA6D43 /* Build configuration list for PBXNativeTarget "DemoAppTests" */ = {
			isa = XCConfigurationList;
			buildConfigurations = (
				317F88E52201D18400EA6D43 /* Debug */,
				317F88E62201D18400EA6D43 /* Release */,
			);
			defaultConfigurationIsVisible = 0;
			defaultConfigurationName = Release;
		};
/* End XCConfigurationList section */
	};
	rootObject = 314429FA2200F99E00C8BEBE /* Project object */;
}
